// !$*UTF8*$!
{
	archiveVersion = 1;
	classes = {
	};
	objectVersion = 51;
	objects = {

/* Begin PBXBuildFile section */
		280A02B725B8A26100318B6F /* CategoriesRepository.swift in Sources */ = {isa = PBXBuildFile; fileRef = 280A02B625B8A26100318B6F /* CategoriesRepository.swift */; };
		280A02BB25B8A4BD00318B6F /* CategoriesResponse.swift in Sources */ = {isa = PBXBuildFile; fileRef = 280A02BA25B8A4BD00318B6F /* CategoriesResponse.swift */; };
		280A02BE25B8A55F00318B6F /* Pagination.swift in Sources */ = {isa = PBXBuildFile; fileRef = 280A02BD25B8A55F00318B6F /* Pagination.swift */; };
		280A02C525B8ADBA00318B6F /* CategoryCollectionViewCell.swift in Sources */ = {isa = PBXBuildFile; fileRef = 280A02C325B8ADBA00318B6F /* CategoryCollectionViewCell.swift */; };
		280A02C625B8ADBA00318B6F /* CategoryCollectionViewCell.xib in Resources */ = {isa = PBXBuildFile; fileRef = 280A02C425B8ADBA00318B6F /* CategoryCollectionViewCell.xib */; };
		280A02D925B9E5B200318B6F /* SubCategoriesViewController.swift in Sources */ = {isa = PBXBuildFile; fileRef = 280A02D725B9E5B200318B6F /* SubCategoriesViewController.swift */; };
		280A02DA25B9E5B200318B6F /* SubCategoriesViewController.xib in Resources */ = {isa = PBXBuildFile; fileRef = 280A02D825B9E5B200318B6F /* SubCategoriesViewController.xib */; };
		280A02DD25B9E5BE00318B6F /* SubCategoriesViewModel.swift in Sources */ = {isa = PBXBuildFile; fileRef = 280A02DC25B9E5BE00318B6F /* SubCategoriesViewModel.swift */; };
		280A02E225B9E97F00318B6F /* SubCategoryTableViewCell.swift in Sources */ = {isa = PBXBuildFile; fileRef = 280A02E025B9E97F00318B6F /* SubCategoryTableViewCell.swift */; };
		280A02E325B9E97F00318B6F /* SubCategoryTableViewCell.xib in Resources */ = {isa = PBXBuildFile; fileRef = 280A02E125B9E97F00318B6F /* SubCategoryTableViewCell.xib */; };
		280A02EB25B9FA7A00318B6F /* UINavigationController.swift in Sources */ = {isa = PBXBuildFile; fileRef = 280A02EA25B9FA7A00318B6F /* UINavigationController.swift */; };
		281455D225B31FAB0041DD6E /* TabbarViewController.storyboard in Resources */ = {isa = PBXBuildFile; fileRef = 281455D125B31FAB0041DD6E /* TabbarViewController.storyboard */; };
		2818BDB525BC8E8C00310FEE /* SearchViewController.swift in Sources */ = {isa = PBXBuildFile; fileRef = 2818BDB325BC8E8C00310FEE /* SearchViewController.swift */; };
		2818BDB625BC8E8C00310FEE /* SearchViewController.xib in Resources */ = {isa = PBXBuildFile; fileRef = 2818BDB425BC8E8C00310FEE /* SearchViewController.xib */; };
		2818BDB925BC8E9700310FEE /* SearchViewModel.swift in Sources */ = {isa = PBXBuildFile; fileRef = 2818BDB825BC8E9700310FEE /* SearchViewModel.swift */; };
		2818BDC025BCBBFD00310FEE /* SearchAutoCompleteResponse.swift in Sources */ = {isa = PBXBuildFile; fileRef = 2818BDBF25BCBBFD00310FEE /* SearchAutoCompleteResponse.swift */; };
		2818BDC625BCBE0900310FEE /* KeywordCollectionViewCell.swift in Sources */ = {isa = PBXBuildFile; fileRef = 2818BDC425BCBE0900310FEE /* KeywordCollectionViewCell.swift */; };
		2818BDC725BCBE0900310FEE /* KeywordCollectionViewCell.xib in Resources */ = {isa = PBXBuildFile; fileRef = 2818BDC525BCBE0900310FEE /* KeywordCollectionViewCell.xib */; };
		2818BDCB25BCC34900310FEE /* AlignedCollectionViewFlowLayout.swift in Sources */ = {isa = PBXBuildFile; fileRef = 2818BDCA25BCC34900310FEE /* AlignedCollectionViewFlowLayout.swift */; };
		2818BDEE25BCC78700310FEE /* IntrinsicSizeCollectionView.swift in Sources */ = {isa = PBXBuildFile; fileRef = 2818BDED25BCC78700310FEE /* IntrinsicSizeCollectionView.swift */; };
		281C450F25A096E400FD8C08 /* WelcomeView.swift in Sources */ = {isa = PBXBuildFile; fileRef = 281C450E25A096E400FD8C08 /* WelcomeView.swift */; };
		281C451225A096F300FD8C08 /* WelcomeView.xib in Resources */ = {isa = PBXBuildFile; fileRef = 281C451125A096F300FD8C08 /* WelcomeView.xib */; };
		281C451625A0970900FD8C08 /* OnboardingView.xib in Resources */ = {isa = PBXBuildFile; fileRef = 281C451525A0970900FD8C08 /* OnboardingView.xib */; };
		281C451925A0971700FD8C08 /* OnboardingView.swift in Sources */ = {isa = PBXBuildFile; fileRef = 281C451825A0971700FD8C08 /* OnboardingView.swift */; };
		281C451C25A0972400FD8C08 /* GetStartedView.swift in Sources */ = {isa = PBXBuildFile; fileRef = 281C451B25A0972400FD8C08 /* GetStartedView.swift */; };
		281C451F25A0972B00FD8C08 /* GetStartedView.xib in Resources */ = {isa = PBXBuildFile; fileRef = 281C451E25A0972B00FD8C08 /* GetStartedView.xib */; };
		281C452825A0A9B600FD8C08 /* OnboardingFlow.swift in Sources */ = {isa = PBXBuildFile; fileRef = 281C452725A0A9B600FD8C08 /* OnboardingFlow.swift */; };
		281C452B25A0AF0C00FD8C08 /* Colors.swift in Sources */ = {isa = PBXBuildFile; fileRef = 281C452A25A0AF0C00FD8C08 /* Colors.swift */; };
		281C454525A0B3B700FD8C08 /* Montserrat-Bold.ttf in Resources */ = {isa = PBXBuildFile; fileRef = 281C453225A0B3B400FD8C08 /* Montserrat-Bold.ttf */; };
		281C454825A0B3B700FD8C08 /* Montserrat-Thin.ttf in Resources */ = {isa = PBXBuildFile; fileRef = 281C453525A0B3B500FD8C08 /* Montserrat-Thin.ttf */; };
		281C454925A0B3B700FD8C08 /* Montserrat-Regular.ttf in Resources */ = {isa = PBXBuildFile; fileRef = 281C453625A0B3B500FD8C08 /* Montserrat-Regular.ttf */; };
		281C454C25A0B3B700FD8C08 /* OFL.txt in Resources */ = {isa = PBXBuildFile; fileRef = 281C453925A0B3B500FD8C08 /* OFL.txt */; };
		281C454D25A0B3B700FD8C08 /* Montserrat-Medium.ttf in Resources */ = {isa = PBXBuildFile; fileRef = 281C453A25A0B3B500FD8C08 /* Montserrat-Medium.ttf */; };
		281C454E25A0B3B700FD8C08 /* Montserrat-ExtraBold.ttf in Resources */ = {isa = PBXBuildFile; fileRef = 281C453B25A0B3B500FD8C08 /* Montserrat-ExtraBold.ttf */; };
		281C455425A0B3B700FD8C08 /* Montserrat-ExtraLight.ttf in Resources */ = {isa = PBXBuildFile; fileRef = 281C454125A0B3B600FD8C08 /* Montserrat-ExtraLight.ttf */; };
		281C455525A0B3B700FD8C08 /* Montserrat-Light.ttf in Resources */ = {isa = PBXBuildFile; fileRef = 281C454225A0B3B700FD8C08 /* Montserrat-Light.ttf */; };
		281C455625A0B3B700FD8C08 /* Montserrat-SemiBold.ttf in Resources */ = {isa = PBXBuildFile; fileRef = 281C454325A0B3B700FD8C08 /* Montserrat-SemiBold.ttf */; };
		281C456525A0C0F800FD8C08 /* Colors.xcassets in Resources */ = {isa = PBXBuildFile; fileRef = 281C456425A0C0F800FD8C08 /* Colors.xcassets */; };
		281C456A25A0C2FD00FD8C08 /* UIColor.swift in Sources */ = {isa = PBXBuildFile; fileRef = 281C456925A0C2FD00FD8C08 /* UIColor.swift */; };
		281C457025A0C97200FD8C08 /* OnboardingCoordinator.swift in Sources */ = {isa = PBXBuildFile; fileRef = 281C456F25A0C97200FD8C08 /* OnboardingCoordinator.swift */; };
		2823735125C187FE00D27044 /* CategoryResultViewController.swift in Sources */ = {isa = PBXBuildFile; fileRef = 2823734F25C187FE00D27044 /* CategoryResultViewController.swift */; };
		2823735225C187FE00D27044 /* CategoryResultViewController.xib in Resources */ = {isa = PBXBuildFile; fileRef = 2823735025C187FE00D27044 /* CategoryResultViewController.xib */; };
		2823735525C1880A00D27044 /* CategoryResultViewModel.swift in Sources */ = {isa = PBXBuildFile; fileRef = 2823735425C1880A00D27044 /* CategoryResultViewModel.swift */; };
		2823735A25C1C56700D27044 /* CategoryProductsResponse.swift in Sources */ = {isa = PBXBuildFile; fileRef = 2823735925C1C56700D27044 /* CategoryProductsResponse.swift */; };
		2823735E25C1C85B00D27044 /* CategoryProducts.swift in Sources */ = {isa = PBXBuildFile; fileRef = 2823735D25C1C85B00D27044 /* CategoryProducts.swift */; };
		2823736125C1C88900D27044 /* Selection.swift in Sources */ = {isa = PBXBuildFile; fileRef = 2823736025C1C88900D27044 /* Selection.swift */; };
		2823736425C1C89E00D27044 /* TireData.swift in Sources */ = {isa = PBXBuildFile; fileRef = 2823736325C1C89E00D27044 /* TireData.swift */; };
		2823736725C1C8B900D27044 /* DataRecord.swift in Sources */ = {isa = PBXBuildFile; fileRef = 2823736625C1C8B900D27044 /* DataRecord.swift */; };
		2823736D25C2D48D00D27044 /* ProductDetailsViewController.swift in Sources */ = {isa = PBXBuildFile; fileRef = 2823736B25C2D48D00D27044 /* ProductDetailsViewController.swift */; };
		2823736E25C2D48D00D27044 /* ProductDetailsViewController.xib in Resources */ = {isa = PBXBuildFile; fileRef = 2823736C25C2D48D00D27044 /* ProductDetailsViewController.xib */; };
		2823737225C2D4A900D27044 /* ProductDetailsViewModel.swift in Sources */ = {isa = PBXBuildFile; fileRef = 2823737125C2D4A900D27044 /* ProductDetailsViewModel.swift */; };
		2823737725C2D9C400D27044 /* ProductDetailsResponse.swift in Sources */ = {isa = PBXBuildFile; fileRef = 2823737625C2D9C400D27044 /* ProductDetailsResponse.swift */; };
		282373E125C3036E00D27044 /* ProductImageCollectionViewCell.swift in Sources */ = {isa = PBXBuildFile; fileRef = 282373DF25C3036E00D27044 /* ProductImageCollectionViewCell.swift */; };
		282373E225C3036E00D27044 /* ProductImageCollectionViewCell.xib in Resources */ = {isa = PBXBuildFile; fileRef = 282373E025C3036E00D27044 /* ProductImageCollectionViewCell.xib */; };
		282373E625C3140C00D27044 /* ProductDetailsViewController+PanGesture.swift in Sources */ = {isa = PBXBuildFile; fileRef = 282373E525C3140C00D27044 /* ProductDetailsViewController+PanGesture.swift */; };
		282373E925C314D600D27044 /* ProductDetailsViewController+Snap.swift in Sources */ = {isa = PBXBuildFile; fileRef = 282373E825C314D600D27044 /* ProductDetailsViewController+Snap.swift */; };
		282373EE25C40AD300D27044 /* ProductDetailsView.swift in Sources */ = {isa = PBXBuildFile; fileRef = 282373ED25C40AD300D27044 /* ProductDetailsView.swift */; };
		282373F125C40AE300D27044 /* ProductDetailsView.xib in Resources */ = {isa = PBXBuildFile; fileRef = 282373F025C40AE300D27044 /* ProductDetailsView.xib */; };
		28276DA825B36ADB0027737C /* HomeCollectionViewCell.swift in Sources */ = {isa = PBXBuildFile; fileRef = 28276DA625B36ADB0027737C /* HomeCollectionViewCell.swift */; };
		28276DA925B36ADB0027737C /* HomeCollectionViewCell.xib in Resources */ = {isa = PBXBuildFile; fileRef = 28276DA725B36ADB0027737C /* HomeCollectionViewCell.xib */; };
		28276DAC25B3A1EB0027737C /* PinterestLayout.swift in Sources */ = {isa = PBXBuildFile; fileRef = 28276DAB25B3A1EB0027737C /* PinterestLayout.swift */; };
		28276DB125B3AA640027737C /* HomeColorsCollection.swift in Sources */ = {isa = PBXBuildFile; fileRef = 28276DB025B3AA640027737C /* HomeColorsCollection.swift */; };
		28276DB625B3C3CE0027737C /* DummyViewController.swift in Sources */ = {isa = PBXBuildFile; fileRef = 28276DB425B3C3CE0027737C /* DummyViewController.swift */; };
		28276DB725B3C3CE0027737C /* DummyViewController.xib in Resources */ = {isa = PBXBuildFile; fileRef = 28276DB525B3C3CE0027737C /* DummyViewController.xib */; };
		28276DBA25B3C40B0027737C /* DummyCoordinator.swift in Sources */ = {isa = PBXBuildFile; fileRef = 28276DB925B3C40B0027737C /* DummyCoordinator.swift */; };
		284A003C25B7B13600B158EE /* UITabbarItem.swift in Sources */ = {isa = PBXBuildFile; fileRef = 284A003B25B7B13600B158EE /* UITabbarItem.swift */; };
		284CBB3525B49B60004B1FF1 /* CategoriesViewController.swift in Sources */ = {isa = PBXBuildFile; fileRef = 284CBB3325B49B60004B1FF1 /* CategoriesViewController.swift */; };
		284CBB3625B49B60004B1FF1 /* CategoriesViewController.xib in Resources */ = {isa = PBXBuildFile; fileRef = 284CBB3425B49B60004B1FF1 /* CategoriesViewController.xib */; };
		284CBB3925B49B6C004B1FF1 /* CategoriesCoordinator.swift in Sources */ = {isa = PBXBuildFile; fileRef = 284CBB3825B49B6C004B1FF1 /* CategoriesCoordinator.swift */; };
		284CBB3C25B49BDE004B1FF1 /* CategoriesViewModel.swift in Sources */ = {isa = PBXBuildFile; fileRef = 284CBB3B25B49BDE004B1FF1 /* CategoriesViewModel.swift */; };
		285C5D8B25B2798E007E13F0 /* Tabbar.swift in Sources */ = {isa = PBXBuildFile; fileRef = 285C5D8A25B2798E007E13F0 /* Tabbar.swift */; };
		285C5D8F25B27D3F007E13F0 /* TabbarViewController.swift in Sources */ = {isa = PBXBuildFile; fileRef = 285C5D8D25B27D3F007E13F0 /* TabbarViewController.swift */; };
		2866737225A8B4D600A3227A /* SignupViewController.swift in Sources */ = {isa = PBXBuildFile; fileRef = 2866737025A8B4D600A3227A /* SignupViewController.swift */; };
		2866737325A8B4D600A3227A /* SignupViewController.xib in Resources */ = {isa = PBXBuildFile; fileRef = 2866737125A8B4D600A3227A /* SignupViewController.xib */; };
		2866737625A8B4E400A3227A /* SignupViewModel.swift in Sources */ = {isa = PBXBuildFile; fileRef = 2866737525A8B4E400A3227A /* SignupViewModel.swift */; };
		2874F00425A39AFE00A05111 /* Fonts.swift in Sources */ = {isa = PBXBuildFile; fileRef = 2874F00325A39AFE00A05111 /* Fonts.swift */; };
		2874F00825A3A93800A05111 /* OButton.swift in Sources */ = {isa = PBXBuildFile; fileRef = 2874F00725A3A93800A05111 /* OButton.swift */; };
		2874F00C25A3A97D00A05111 /* OButton+ContentAlignment.swift in Sources */ = {isa = PBXBuildFile; fileRef = 2874F00B25A3A97D00A05111 /* OButton+ContentAlignment.swift */; };
		2874F00F25A3A9A300A05111 /* OButton+Style.swift in Sources */ = {isa = PBXBuildFile; fileRef = 2874F00E25A3A9A300A05111 /* OButton+Style.swift */; };
		2874F01E25A3BADC00A05111 /* UIViewController.swift in Sources */ = {isa = PBXBuildFile; fileRef = 2874F01D25A3BADC00A05111 /* UIViewController.swift */; };
		28807C7125BCF57E008A2396 /* SearchHistoryTableViewCell.swift in Sources */ = {isa = PBXBuildFile; fileRef = 28807C6F25BCF57E008A2396 /* SearchHistoryTableViewCell.swift */; };
		28807C7225BCF57E008A2396 /* SearchHistoryTableViewCell.xib in Resources */ = {isa = PBXBuildFile; fileRef = 28807C7025BCF57E008A2396 /* SearchHistoryTableViewCell.xib */; };
		28807C7625BCFCED008A2396 /* IntrinsicSizeTableView.swift in Sources */ = {isa = PBXBuildFile; fileRef = 28807C7525BCFCED008A2396 /* IntrinsicSizeTableView.swift */; };
		288E8F0F25AA58310009BFC8 /* UIBarButtonItem.swift in Sources */ = {isa = PBXBuildFile; fileRef = 288E8F0E25AA58310009BFC8 /* UIBarButtonItem.swift */; };
		288E8F1325AA62770009BFC8 /* AuthenticationResponse.swift in Sources */ = {isa = PBXBuildFile; fileRef = 288E8F1225AA62770009BFC8 /* AuthenticationResponse.swift */; };
		288E8F1625AA64380009BFC8 /* Keychain.swift in Sources */ = {isa = PBXBuildFile; fileRef = 288E8F1525AA64380009BFC8 /* Keychain.swift */; };
		288E8F2125AA72080009BFC8 /* HomeCoordinator.swift in Sources */ = {isa = PBXBuildFile; fileRef = 288E8F2025AA72080009BFC8 /* HomeCoordinator.swift */; };
		288E8F2625AB26DD0009BFC8 /* ForgetPasswordViewController.swift in Sources */ = {isa = PBXBuildFile; fileRef = 288E8F2425AB26DD0009BFC8 /* ForgetPasswordViewController.swift */; };
		288E8F2725AB26DD0009BFC8 /* ForgetPasswordViewController.xib in Resources */ = {isa = PBXBuildFile; fileRef = 288E8F2525AB26DD0009BFC8 /* ForgetPasswordViewController.xib */; };
		288E8F2A25AB2CC30009BFC8 /* ForgetPasswordViewModel.swift in Sources */ = {isa = PBXBuildFile; fileRef = 288E8F2925AB2CC30009BFC8 /* ForgetPasswordViewModel.swift */; };
		2893A9CC25A7E57F0038BFA9 /* UserManager.swift in Sources */ = {isa = PBXBuildFile; fileRef = 2893A9CB25A7E57F0038BFA9 /* UserManager.swift */; };
		28945193259FC9B100FF77DD /* AppDelegate.swift in Sources */ = {isa = PBXBuildFile; fileRef = 28945192259FC9B100FF77DD /* AppDelegate.swift */; };
		2894519C259FC9B200FF77DD /* Assets.xcassets in Resources */ = {isa = PBXBuildFile; fileRef = 2894519B259FC9B200FF77DD /* Assets.xcassets */; };
		2894519F259FC9B200FF77DD /* LaunchScreen.storyboard in Resources */ = {isa = PBXBuildFile; fileRef = 2894519D259FC9B200FF77DD /* LaunchScreen.storyboard */; };
		289451BC259FCC5900FF77DD /* Localizable.strings in Resources */ = {isa = PBXBuildFile; fileRef = 289451BB259FCC5900FF77DD /* Localizable.strings */; };
		289451C2259FD0DD00FF77DD /* AppCoordinator.swift in Sources */ = {isa = PBXBuildFile; fileRef = 289451C1259FD0DD00FF77DD /* AppCoordinator.swift */; };
		289451C9259FD13A00FF77DD /* Coordinator.swift in Sources */ = {isa = PBXBuildFile; fileRef = 289451C8259FD13A00FF77DD /* Coordinator.swift */; };
		289451CD259FD17000FF77DD /* Injectable.swift in Sources */ = {isa = PBXBuildFile; fileRef = 289451CC259FD17000FF77DD /* Injectable.swift */; };
		289451D0259FD19D00FF77DD /* ReusableIdentifier.swift in Sources */ = {isa = PBXBuildFile; fileRef = 289451CF259FD19D00FF77DD /* ReusableIdentifier.swift */; };
		289451D3259FD1F700FF77DD /* String.swift in Sources */ = {isa = PBXBuildFile; fileRef = 289451D2259FD1F700FF77DD /* String.swift */; };
		289451D6259FD21600FF77DD /* UIView.swift in Sources */ = {isa = PBXBuildFile; fileRef = 289451D5259FD21600FF77DD /* UIView.swift */; };
		289451D9259FD24E00FF77DD /* Constants.swift in Sources */ = {isa = PBXBuildFile; fileRef = 289451D8259FD24E00FF77DD /* Constants.swift */; };
		289451DC259FD29700FF77DD /* API+NetworkRepository.swift in Sources */ = {isa = PBXBuildFile; fileRef = 289451DB259FD29700FF77DD /* API+NetworkRepository.swift */; };
		289451DF259FD29F00FF77DD /* APIError.swift in Sources */ = {isa = PBXBuildFile; fileRef = 289451DE259FD29F00FF77DD /* APIError.swift */; };
		289451E4259FD56F00FF77DD /* OnboardingViewController.swift in Sources */ = {isa = PBXBuildFile; fileRef = 289451E2259FD56F00FF77DD /* OnboardingViewController.swift */; };
		289451E5259FD56F00FF77DD /* OnboardingViewController.xib in Resources */ = {isa = PBXBuildFile; fileRef = 289451E3259FD56F00FF77DD /* OnboardingViewController.xib */; };
		289451E9259FD59200FF77DD /* BaseViewController.swift in Sources */ = {isa = PBXBuildFile; fileRef = 289451E8259FD59200FF77DD /* BaseViewController.swift */; };
		289451EC259FD67000FF77DD /* BaseStateController.swift in Sources */ = {isa = PBXBuildFile; fileRef = 289451EB259FD67000FF77DD /* BaseStateController.swift */; };
		28A8694125A7695300987624 /* AuthenticationCoordinator.swift in Sources */ = {isa = PBXBuildFile; fileRef = 28A8694025A7695300987624 /* AuthenticationCoordinator.swift */; };
		28A8694A25A76A7900987624 /* LoginViewController.swift in Sources */ = {isa = PBXBuildFile; fileRef = 28A8694825A76A7900987624 /* LoginViewController.swift */; };
		28A8694B25A76A7900987624 /* LoginViewController.xib in Resources */ = {isa = PBXBuildFile; fileRef = 28A8694925A76A7900987624 /* LoginViewController.xib */; };
		28A8694E25A79E8800987624 /* LoginViewModel.swift in Sources */ = {isa = PBXBuildFile; fileRef = 28A8694D25A79E8800987624 /* LoginViewModel.swift */; };
		28A8695225A79F3C00987624 /* AuthenticationRepository.swift in Sources */ = {isa = PBXBuildFile; fileRef = 28A8695125A79F3C00987624 /* AuthenticationRepository.swift */; };
		28A8696025A7A4C100987624 /* HTTPMethod.swift in Sources */ = {isa = PBXBuildFile; fileRef = 28A8695F25A7A4C100987624 /* HTTPMethod.swift */; };
		28A8696325A7AAFB00987624 /* URLComponents.swift in Sources */ = {isa = PBXBuildFile; fileRef = 28A8696225A7AAFB00987624 /* URLComponents.swift */; };
		28A8697825A7B8F000987624 /* OTextFieldStackView.swift in Sources */ = {isa = PBXBuildFile; fileRef = 28A8697725A7B8F000987624 /* OTextFieldStackView.swift */; };
		28A8697D25A7BE6700987624 /* OTextField.swift in Sources */ = {isa = PBXBuildFile; fileRef = 28A8697C25A7BE6700987624 /* OTextField.swift */; };
		28A8698025A7BF0400987624 /* OTextFieldType.swift in Sources */ = {isa = PBXBuildFile; fileRef = 28A8697F25A7BF0400987624 /* OTextFieldType.swift */; };
		28A8698325A7C89B00987624 /* UITextField.swift in Sources */ = {isa = PBXBuildFile; fileRef = 28A8698225A7C89B00987624 /* UITextField.swift */; };
		28ABF01725BD7A9200F29ED0 /* ResetPasswordResponse.swift in Sources */ = {isa = PBXBuildFile; fileRef = 28ABF01625BD7A9200F29ED0 /* ResetPasswordResponse.swift */; };
		28ABF0A525BF305300F29ED0 /* SearchResultViewController.swift in Sources */ = {isa = PBXBuildFile; fileRef = 28ABF0A325BF305300F29ED0 /* SearchResultViewController.swift */; };
		28ABF0A625BF305300F29ED0 /* SearchResultViewController.xib in Resources */ = {isa = PBXBuildFile; fileRef = 28ABF0A425BF305300F29ED0 /* SearchResultViewController.xib */; };
		28ABF0AA25BF306100F29ED0 /* SearchResultViewModel.swift in Sources */ = {isa = PBXBuildFile; fileRef = 28ABF0A925BF306100F29ED0 /* SearchResultViewModel.swift */; };
		28ABF0AE25C017ED00F29ED0 /* SearchResultResponse.swift in Sources */ = {isa = PBXBuildFile; fileRef = 28ABF0AD25C017ED00F29ED0 /* SearchResultResponse.swift */; };
		28ABF0B325C01B0800F29ED0 /* SearchResult.swift in Sources */ = {isa = PBXBuildFile; fileRef = 28ABF0B225C01B0800F29ED0 /* SearchResult.swift */; };
		28ABF0B625C01B2000F29ED0 /* PriceRange.swift in Sources */ = {isa = PBXBuildFile; fileRef = 28ABF0B525C01B2000F29ED0 /* PriceRange.swift */; };
		28ABF0B925C01B3C00F29ED0 /* ProductOrigin.swift in Sources */ = {isa = PBXBuildFile; fileRef = 28ABF0B825C01B3C00F29ED0 /* ProductOrigin.swift */; };
		28ABF0BC25C01B5400F29ED0 /* ProductManufaturer.swift in Sources */ = {isa = PBXBuildFile; fileRef = 28ABF0BB25C01B5400F29ED0 /* ProductManufaturer.swift */; };
		28ABF0C125C0216A00F29ED0 /* SearchResultTableViewCell.swift in Sources */ = {isa = PBXBuildFile; fileRef = 28ABF0BF25C0216A00F29ED0 /* SearchResultTableViewCell.swift */; };
		28ABF0C225C0216A00F29ED0 /* SearchResultTableViewCell.xib in Resources */ = {isa = PBXBuildFile; fileRef = 28ABF0C025C0216A00F29ED0 /* SearchResultTableViewCell.xib */; };
		28ABF2BE25C096E600F29ED0 /* FavouriteProductsManager.swift in Sources */ = {isa = PBXBuildFile; fileRef = 28ABF2BD25C096E500F29ED0 /* FavouriteProductsManager.swift */; };
		28ABF2C225C0A90800F29ED0 /* FavouriteButton.swift in Sources */ = {isa = PBXBuildFile; fileRef = 28ABF2C125C0A90800F29ED0 /* FavouriteButton.swift */; };
		28ABF2D225C0D11000F29ED0 /* ResultEmptyView.swift in Sources */ = {isa = PBXBuildFile; fileRef = 28ABF2D125C0D11000F29ED0 /* ResultEmptyView.swift */; };
		28ABF2D525C0D12A00F29ED0 /* ResultEmptyView.xib in Resources */ = {isa = PBXBuildFile; fileRef = 28ABF2D425C0D12A00F29ED0 /* ResultEmptyView.xib */; };
		28D9733025B0E63800CE97A0 /* HomeResponse.swift in Sources */ = {isa = PBXBuildFile; fileRef = 28D9732F25B0E63700CE97A0 /* HomeResponse.swift */; };
		28D9733425B0EC5100CE97A0 /* Product.swift in Sources */ = {isa = PBXBuildFile; fileRef = 28D9733325B0EC5100CE97A0 /* Product.swift */; };
		28D9733725B0EC6300CE97A0 /* Feedback.swift in Sources */ = {isa = PBXBuildFile; fileRef = 28D9733625B0EC6300CE97A0 /* Feedback.swift */; };
		28D9733A25B0EC7300CE97A0 /* Category.swift in Sources */ = {isa = PBXBuildFile; fileRef = 28D9733925B0EC7300CE97A0 /* Category.swift */; };
		28D9733E25B0EEC700CE97A0 /* NavigationItem.swift in Sources */ = {isa = PBXBuildFile; fileRef = 28D9733D25B0EEC700CE97A0 /* NavigationItem.swift */; };
		28D9734125B0EFB900CE97A0 /* UIImageView.swift in Sources */ = {isa = PBXBuildFile; fileRef = 28D9734025B0EFB900CE97A0 /* UIImageView.swift */; };
		28DCFE1425AFA04A00F8D854 /* TabBarCoordinator.swift in Sources */ = {isa = PBXBuildFile; fileRef = 28DCFE1325AFA04A00F8D854 /* TabBarCoordinator.swift */; };
		28DCFE1B25AFB54900F8D854 /* HomeViewController.swift in Sources */ = {isa = PBXBuildFile; fileRef = 28DCFE1925AFB54900F8D854 /* HomeViewController.swift */; };
		28DCFE1C25AFB54900F8D854 /* HomeViewController.xib in Resources */ = {isa = PBXBuildFile; fileRef = 28DCFE1A25AFB54900F8D854 /* HomeViewController.xib */; };
		28DCFE1F25AFB70B00F8D854 /* HomeViewModel.swift in Sources */ = {isa = PBXBuildFile; fileRef = 28DCFE1E25AFB70B00F8D854 /* HomeViewModel.swift */; };
		28DCFE2225AFB86200F8D854 /* HomeRepository.swift in Sources */ = {isa = PBXBuildFile; fileRef = 28DCFE2125AFB86200F8D854 /* HomeRepository.swift */; };
		28FD653125A3E9DB004C9F0F /* Array.swift in Sources */ = {isa = PBXBuildFile; fileRef = 28FD653025A3E9DB004C9F0F /* Array.swift */; };
		28FD653725A4C522004C9F0F /* PageControl.swift in Sources */ = {isa = PBXBuildFile; fileRef = 28FD653625A4C522004C9F0F /* PageControl.swift */; };
		D738663F8C403373C7658C95 /* Pods_odiggo.framework in Frameworks */ = {isa = PBXBuildFile; fileRef = 5009EA90518A495E603905DA /* Pods_odiggo.framework */; };
/* End PBXBuildFile section */

/* Begin PBXFileReference section */
		280A02B625B8A26100318B6F /* CategoriesRepository.swift */ = {isa = PBXFileReference; lastKnownFileType = sourcecode.swift; path = CategoriesRepository.swift; sourceTree = "<group>"; };
		280A02BA25B8A4BD00318B6F /* CategoriesResponse.swift */ = {isa = PBXFileReference; lastKnownFileType = sourcecode.swift; path = CategoriesResponse.swift; sourceTree = "<group>"; };
		280A02BD25B8A55F00318B6F /* Pagination.swift */ = {isa = PBXFileReference; lastKnownFileType = sourcecode.swift; path = Pagination.swift; sourceTree = "<group>"; };
		280A02C325B8ADBA00318B6F /* CategoryCollectionViewCell.swift */ = {isa = PBXFileReference; lastKnownFileType = sourcecode.swift; path = CategoryCollectionViewCell.swift; sourceTree = "<group>"; };
		280A02C425B8ADBA00318B6F /* CategoryCollectionViewCell.xib */ = {isa = PBXFileReference; lastKnownFileType = file.xib; path = CategoryCollectionViewCell.xib; sourceTree = "<group>"; };
		280A02D725B9E5B200318B6F /* SubCategoriesViewController.swift */ = {isa = PBXFileReference; lastKnownFileType = sourcecode.swift; path = SubCategoriesViewController.swift; sourceTree = "<group>"; };
		280A02D825B9E5B200318B6F /* SubCategoriesViewController.xib */ = {isa = PBXFileReference; lastKnownFileType = file.xib; path = SubCategoriesViewController.xib; sourceTree = "<group>"; };
		280A02DC25B9E5BE00318B6F /* SubCategoriesViewModel.swift */ = {isa = PBXFileReference; lastKnownFileType = sourcecode.swift; path = SubCategoriesViewModel.swift; sourceTree = "<group>"; };
		280A02E025B9E97F00318B6F /* SubCategoryTableViewCell.swift */ = {isa = PBXFileReference; lastKnownFileType = sourcecode.swift; path = SubCategoryTableViewCell.swift; sourceTree = "<group>"; };
		280A02E125B9E97F00318B6F /* SubCategoryTableViewCell.xib */ = {isa = PBXFileReference; lastKnownFileType = file.xib; path = SubCategoryTableViewCell.xib; sourceTree = "<group>"; };
		280A02EA25B9FA7A00318B6F /* UINavigationController.swift */ = {isa = PBXFileReference; lastKnownFileType = sourcecode.swift; path = UINavigationController.swift; sourceTree = "<group>"; };
		281455D125B31FAB0041DD6E /* TabbarViewController.storyboard */ = {isa = PBXFileReference; lastKnownFileType = file.storyboard; path = TabbarViewController.storyboard; sourceTree = "<group>"; };
		2818BDB325BC8E8C00310FEE /* SearchViewController.swift */ = {isa = PBXFileReference; lastKnownFileType = sourcecode.swift; path = SearchViewController.swift; sourceTree = "<group>"; };
		2818BDB425BC8E8C00310FEE /* SearchViewController.xib */ = {isa = PBXFileReference; lastKnownFileType = file.xib; path = SearchViewController.xib; sourceTree = "<group>"; };
		2818BDB825BC8E9700310FEE /* SearchViewModel.swift */ = {isa = PBXFileReference; lastKnownFileType = sourcecode.swift; path = SearchViewModel.swift; sourceTree = "<group>"; };
		2818BDBF25BCBBFD00310FEE /* SearchAutoCompleteResponse.swift */ = {isa = PBXFileReference; lastKnownFileType = sourcecode.swift; path = SearchAutoCompleteResponse.swift; sourceTree = "<group>"; };
		2818BDC425BCBE0900310FEE /* KeywordCollectionViewCell.swift */ = {isa = PBXFileReference; lastKnownFileType = sourcecode.swift; path = KeywordCollectionViewCell.swift; sourceTree = "<group>"; };
		2818BDC525BCBE0900310FEE /* KeywordCollectionViewCell.xib */ = {isa = PBXFileReference; lastKnownFileType = file.xib; path = KeywordCollectionViewCell.xib; sourceTree = "<group>"; };
		2818BDCA25BCC34900310FEE /* AlignedCollectionViewFlowLayout.swift */ = {isa = PBXFileReference; fileEncoding = 4; lastKnownFileType = sourcecode.swift; path = AlignedCollectionViewFlowLayout.swift; sourceTree = "<group>"; };
		2818BDED25BCC78700310FEE /* IntrinsicSizeCollectionView.swift */ = {isa = PBXFileReference; lastKnownFileType = sourcecode.swift; path = IntrinsicSizeCollectionView.swift; sourceTree = "<group>"; };
		281C450E25A096E400FD8C08 /* WelcomeView.swift */ = {isa = PBXFileReference; lastKnownFileType = sourcecode.swift; path = WelcomeView.swift; sourceTree = "<group>"; };
		281C451125A096F300FD8C08 /* WelcomeView.xib */ = {isa = PBXFileReference; lastKnownFileType = file.xib; path = WelcomeView.xib; sourceTree = "<group>"; };
		281C451525A0970900FD8C08 /* OnboardingView.xib */ = {isa = PBXFileReference; lastKnownFileType = file.xib; path = OnboardingView.xib; sourceTree = "<group>"; };
		281C451825A0971700FD8C08 /* OnboardingView.swift */ = {isa = PBXFileReference; lastKnownFileType = sourcecode.swift; path = OnboardingView.swift; sourceTree = "<group>"; };
		281C451B25A0972400FD8C08 /* GetStartedView.swift */ = {isa = PBXFileReference; lastKnownFileType = sourcecode.swift; path = GetStartedView.swift; sourceTree = "<group>"; };
		281C451E25A0972B00FD8C08 /* GetStartedView.xib */ = {isa = PBXFileReference; lastKnownFileType = file.xib; path = GetStartedView.xib; sourceTree = "<group>"; };
		281C452725A0A9B600FD8C08 /* OnboardingFlow.swift */ = {isa = PBXFileReference; lastKnownFileType = sourcecode.swift; path = OnboardingFlow.swift; sourceTree = "<group>"; };
		281C452A25A0AF0C00FD8C08 /* Colors.swift */ = {isa = PBXFileReference; lastKnownFileType = sourcecode.swift; path = Colors.swift; sourceTree = "<group>"; };
		281C453225A0B3B400FD8C08 /* Montserrat-Bold.ttf */ = {isa = PBXFileReference; lastKnownFileType = file; path = "Montserrat-Bold.ttf"; sourceTree = "<group>"; };
		281C453525A0B3B500FD8C08 /* Montserrat-Thin.ttf */ = {isa = PBXFileReference; lastKnownFileType = file; path = "Montserrat-Thin.ttf"; sourceTree = "<group>"; };
		281C453625A0B3B500FD8C08 /* Montserrat-Regular.ttf */ = {isa = PBXFileReference; lastKnownFileType = file; path = "Montserrat-Regular.ttf"; sourceTree = "<group>"; };
		281C453925A0B3B500FD8C08 /* OFL.txt */ = {isa = PBXFileReference; fileEncoding = 4; lastKnownFileType = text; path = OFL.txt; sourceTree = "<group>"; };
		281C453A25A0B3B500FD8C08 /* Montserrat-Medium.ttf */ = {isa = PBXFileReference; lastKnownFileType = file; path = "Montserrat-Medium.ttf"; sourceTree = "<group>"; };
		281C453B25A0B3B500FD8C08 /* Montserrat-ExtraBold.ttf */ = {isa = PBXFileReference; lastKnownFileType = file; path = "Montserrat-ExtraBold.ttf"; sourceTree = "<group>"; };
		281C454125A0B3B600FD8C08 /* Montserrat-ExtraLight.ttf */ = {isa = PBXFileReference; lastKnownFileType = file; path = "Montserrat-ExtraLight.ttf"; sourceTree = "<group>"; };
		281C454225A0B3B700FD8C08 /* Montserrat-Light.ttf */ = {isa = PBXFileReference; lastKnownFileType = file; path = "Montserrat-Light.ttf"; sourceTree = "<group>"; };
		281C454325A0B3B700FD8C08 /* Montserrat-SemiBold.ttf */ = {isa = PBXFileReference; lastKnownFileType = file; path = "Montserrat-SemiBold.ttf"; sourceTree = "<group>"; };
		281C456425A0C0F800FD8C08 /* Colors.xcassets */ = {isa = PBXFileReference; lastKnownFileType = folder.assetcatalog; path = Colors.xcassets; sourceTree = "<group>"; };
		281C456925A0C2FD00FD8C08 /* UIColor.swift */ = {isa = PBXFileReference; lastKnownFileType = sourcecode.swift; path = UIColor.swift; sourceTree = "<group>"; };
		281C456F25A0C97200FD8C08 /* OnboardingCoordinator.swift */ = {isa = PBXFileReference; lastKnownFileType = sourcecode.swift; path = OnboardingCoordinator.swift; sourceTree = "<group>"; };
		2823734F25C187FE00D27044 /* CategoryResultViewController.swift */ = {isa = PBXFileReference; lastKnownFileType = sourcecode.swift; path = CategoryResultViewController.swift; sourceTree = "<group>"; };
		2823735025C187FE00D27044 /* CategoryResultViewController.xib */ = {isa = PBXFileReference; lastKnownFileType = file.xib; path = CategoryResultViewController.xib; sourceTree = "<group>"; };
		2823735425C1880A00D27044 /* CategoryResultViewModel.swift */ = {isa = PBXFileReference; lastKnownFileType = sourcecode.swift; path = CategoryResultViewModel.swift; sourceTree = "<group>"; };
		2823735925C1C56700D27044 /* CategoryProductsResponse.swift */ = {isa = PBXFileReference; lastKnownFileType = sourcecode.swift; path = CategoryProductsResponse.swift; sourceTree = "<group>"; };
		2823735D25C1C85B00D27044 /* CategoryProducts.swift */ = {isa = PBXFileReference; lastKnownFileType = sourcecode.swift; path = CategoryProducts.swift; sourceTree = "<group>"; };
		2823736025C1C88900D27044 /* Selection.swift */ = {isa = PBXFileReference; lastKnownFileType = sourcecode.swift; path = Selection.swift; sourceTree = "<group>"; };
		2823736325C1C89E00D27044 /* TireData.swift */ = {isa = PBXFileReference; lastKnownFileType = sourcecode.swift; path = TireData.swift; sourceTree = "<group>"; };
		2823736625C1C8B900D27044 /* DataRecord.swift */ = {isa = PBXFileReference; lastKnownFileType = sourcecode.swift; path = DataRecord.swift; sourceTree = "<group>"; };
		2823736B25C2D48D00D27044 /* ProductDetailsViewController.swift */ = {isa = PBXFileReference; lastKnownFileType = sourcecode.swift; path = ProductDetailsViewController.swift; sourceTree = "<group>"; };
		2823736C25C2D48D00D27044 /* ProductDetailsViewController.xib */ = {isa = PBXFileReference; lastKnownFileType = file.xib; path = ProductDetailsViewController.xib; sourceTree = "<group>"; };
		2823737125C2D4A900D27044 /* ProductDetailsViewModel.swift */ = {isa = PBXFileReference; lastKnownFileType = sourcecode.swift; path = ProductDetailsViewModel.swift; sourceTree = "<group>"; };
		2823737625C2D9C400D27044 /* ProductDetailsResponse.swift */ = {isa = PBXFileReference; lastKnownFileType = sourcecode.swift; path = ProductDetailsResponse.swift; sourceTree = "<group>"; };
		282373DF25C3036E00D27044 /* ProductImageCollectionViewCell.swift */ = {isa = PBXFileReference; lastKnownFileType = sourcecode.swift; path = ProductImageCollectionViewCell.swift; sourceTree = "<group>"; };
		282373E025C3036E00D27044 /* ProductImageCollectionViewCell.xib */ = {isa = PBXFileReference; lastKnownFileType = file.xib; path = ProductImageCollectionViewCell.xib; sourceTree = "<group>"; };
		282373E525C3140C00D27044 /* ProductDetailsViewController+PanGesture.swift */ = {isa = PBXFileReference; lastKnownFileType = sourcecode.swift; path = "ProductDetailsViewController+PanGesture.swift"; sourceTree = "<group>"; };
		282373E825C314D600D27044 /* ProductDetailsViewController+Snap.swift */ = {isa = PBXFileReference; lastKnownFileType = sourcecode.swift; path = "ProductDetailsViewController+Snap.swift"; sourceTree = "<group>"; };
		282373ED25C40AD300D27044 /* ProductDetailsView.swift */ = {isa = PBXFileReference; lastKnownFileType = sourcecode.swift; path = ProductDetailsView.swift; sourceTree = "<group>"; };
		282373F025C40AE300D27044 /* ProductDetailsView.xib */ = {isa = PBXFileReference; lastKnownFileType = file.xib; path = ProductDetailsView.xib; sourceTree = "<group>"; };
		28276DA625B36ADB0027737C /* HomeCollectionViewCell.swift */ = {isa = PBXFileReference; lastKnownFileType = sourcecode.swift; path = HomeCollectionViewCell.swift; sourceTree = "<group>"; };
		28276DA725B36ADB0027737C /* HomeCollectionViewCell.xib */ = {isa = PBXFileReference; lastKnownFileType = file.xib; path = HomeCollectionViewCell.xib; sourceTree = "<group>"; };
		28276DAB25B3A1EB0027737C /* PinterestLayout.swift */ = {isa = PBXFileReference; lastKnownFileType = sourcecode.swift; path = PinterestLayout.swift; sourceTree = "<group>"; };
		28276DB025B3AA640027737C /* HomeColorsCollection.swift */ = {isa = PBXFileReference; lastKnownFileType = sourcecode.swift; path = HomeColorsCollection.swift; sourceTree = "<group>"; };
		28276DB425B3C3CE0027737C /* DummyViewController.swift */ = {isa = PBXFileReference; lastKnownFileType = sourcecode.swift; path = DummyViewController.swift; sourceTree = "<group>"; };
		28276DB525B3C3CE0027737C /* DummyViewController.xib */ = {isa = PBXFileReference; lastKnownFileType = file.xib; path = DummyViewController.xib; sourceTree = "<group>"; };
		28276DB925B3C40B0027737C /* DummyCoordinator.swift */ = {isa = PBXFileReference; lastKnownFileType = sourcecode.swift; path = DummyCoordinator.swift; sourceTree = "<group>"; };
		284A003B25B7B13600B158EE /* UITabbarItem.swift */ = {isa = PBXFileReference; lastKnownFileType = sourcecode.swift; path = UITabbarItem.swift; sourceTree = "<group>"; };
		284CBB3325B49B60004B1FF1 /* CategoriesViewController.swift */ = {isa = PBXFileReference; lastKnownFileType = sourcecode.swift; path = CategoriesViewController.swift; sourceTree = "<group>"; };
		284CBB3425B49B60004B1FF1 /* CategoriesViewController.xib */ = {isa = PBXFileReference; lastKnownFileType = file.xib; path = CategoriesViewController.xib; sourceTree = "<group>"; };
		284CBB3825B49B6C004B1FF1 /* CategoriesCoordinator.swift */ = {isa = PBXFileReference; lastKnownFileType = sourcecode.swift; path = CategoriesCoordinator.swift; sourceTree = "<group>"; };
		284CBB3B25B49BDE004B1FF1 /* CategoriesViewModel.swift */ = {isa = PBXFileReference; lastKnownFileType = sourcecode.swift; path = CategoriesViewModel.swift; sourceTree = "<group>"; };
		284CDEAF25ADC31500D45FEB /* odiggo.entitlements */ = {isa = PBXFileReference; lastKnownFileType = text.plist.entitlements; path = odiggo.entitlements; sourceTree = "<group>"; };
		285C5D8A25B2798E007E13F0 /* Tabbar.swift */ = {isa = PBXFileReference; lastKnownFileType = sourcecode.swift; path = Tabbar.swift; sourceTree = "<group>"; };
		285C5D8D25B27D3F007E13F0 /* TabbarViewController.swift */ = {isa = PBXFileReference; lastKnownFileType = sourcecode.swift; path = TabbarViewController.swift; sourceTree = "<group>"; };
		2866737025A8B4D600A3227A /* SignupViewController.swift */ = {isa = PBXFileReference; lastKnownFileType = sourcecode.swift; path = SignupViewController.swift; sourceTree = "<group>"; };
		2866737125A8B4D600A3227A /* SignupViewController.xib */ = {isa = PBXFileReference; lastKnownFileType = file.xib; path = SignupViewController.xib; sourceTree = "<group>"; };
		2866737525A8B4E400A3227A /* SignupViewModel.swift */ = {isa = PBXFileReference; lastKnownFileType = sourcecode.swift; path = SignupViewModel.swift; sourceTree = "<group>"; };
		2874F00325A39AFE00A05111 /* Fonts.swift */ = {isa = PBXFileReference; lastKnownFileType = sourcecode.swift; path = Fonts.swift; sourceTree = "<group>"; };
		2874F00725A3A93800A05111 /* OButton.swift */ = {isa = PBXFileReference; lastKnownFileType = sourcecode.swift; path = OButton.swift; sourceTree = "<group>"; };
		2874F00B25A3A97D00A05111 /* OButton+ContentAlignment.swift */ = {isa = PBXFileReference; lastKnownFileType = sourcecode.swift; path = "OButton+ContentAlignment.swift"; sourceTree = "<group>"; };
		2874F00E25A3A9A300A05111 /* OButton+Style.swift */ = {isa = PBXFileReference; lastKnownFileType = sourcecode.swift; path = "OButton+Style.swift"; sourceTree = "<group>"; };
		2874F01D25A3BADC00A05111 /* UIViewController.swift */ = {isa = PBXFileReference; lastKnownFileType = sourcecode.swift; path = UIViewController.swift; sourceTree = "<group>"; };
		28807C6F25BCF57E008A2396 /* SearchHistoryTableViewCell.swift */ = {isa = PBXFileReference; lastKnownFileType = sourcecode.swift; path = SearchHistoryTableViewCell.swift; sourceTree = "<group>"; };
		28807C7025BCF57E008A2396 /* SearchHistoryTableViewCell.xib */ = {isa = PBXFileReference; lastKnownFileType = file.xib; path = SearchHistoryTableViewCell.xib; sourceTree = "<group>"; };
		28807C7525BCFCED008A2396 /* IntrinsicSizeTableView.swift */ = {isa = PBXFileReference; lastKnownFileType = sourcecode.swift; path = IntrinsicSizeTableView.swift; sourceTree = "<group>"; };
		288E8F0E25AA58310009BFC8 /* UIBarButtonItem.swift */ = {isa = PBXFileReference; lastKnownFileType = sourcecode.swift; path = UIBarButtonItem.swift; sourceTree = "<group>"; };
		288E8F1225AA62770009BFC8 /* AuthenticationResponse.swift */ = {isa = PBXFileReference; lastKnownFileType = sourcecode.swift; path = AuthenticationResponse.swift; sourceTree = "<group>"; };
		288E8F1525AA64380009BFC8 /* Keychain.swift */ = {isa = PBXFileReference; lastKnownFileType = sourcecode.swift; path = Keychain.swift; sourceTree = "<group>"; };
		288E8F2025AA72080009BFC8 /* HomeCoordinator.swift */ = {isa = PBXFileReference; lastKnownFileType = sourcecode.swift; path = HomeCoordinator.swift; sourceTree = "<group>"; };
		288E8F2425AB26DD0009BFC8 /* ForgetPasswordViewController.swift */ = {isa = PBXFileReference; lastKnownFileType = sourcecode.swift; path = ForgetPasswordViewController.swift; sourceTree = "<group>"; };
		288E8F2525AB26DD0009BFC8 /* ForgetPasswordViewController.xib */ = {isa = PBXFileReference; lastKnownFileType = file.xib; path = ForgetPasswordViewController.xib; sourceTree = "<group>"; };
		288E8F2925AB2CC30009BFC8 /* ForgetPasswordViewModel.swift */ = {isa = PBXFileReference; lastKnownFileType = sourcecode.swift; path = ForgetPasswordViewModel.swift; sourceTree = "<group>"; };
		2893A9CB25A7E57F0038BFA9 /* UserManager.swift */ = {isa = PBXFileReference; lastKnownFileType = sourcecode.swift; path = UserManager.swift; sourceTree = "<group>"; };
		2894518F259FC9B100FF77DD /* odiggo.app */ = {isa = PBXFileReference; explicitFileType = wrapper.application; includeInIndex = 0; path = odiggo.app; sourceTree = BUILT_PRODUCTS_DIR; };
		28945192259FC9B100FF77DD /* AppDelegate.swift */ = {isa = PBXFileReference; lastKnownFileType = sourcecode.swift; path = AppDelegate.swift; sourceTree = "<group>"; };
		2894519B259FC9B200FF77DD /* Assets.xcassets */ = {isa = PBXFileReference; lastKnownFileType = folder.assetcatalog; path = Assets.xcassets; sourceTree = "<group>"; };
		2894519E259FC9B200FF77DD /* Base */ = {isa = PBXFileReference; lastKnownFileType = file.storyboard; name = Base; path = Base.lproj/LaunchScreen.storyboard; sourceTree = "<group>"; };
		289451A0259FC9B200FF77DD /* Info.plist */ = {isa = PBXFileReference; lastKnownFileType = text.plist.xml; path = Info.plist; sourceTree = "<group>"; };
		289451BB259FCC5900FF77DD /* Localizable.strings */ = {isa = PBXFileReference; lastKnownFileType = text.plist.strings; path = Localizable.strings; sourceTree = "<group>"; };
		289451C1259FD0DD00FF77DD /* AppCoordinator.swift */ = {isa = PBXFileReference; lastKnownFileType = sourcecode.swift; path = AppCoordinator.swift; sourceTree = "<group>"; };
		289451C8259FD13A00FF77DD /* Coordinator.swift */ = {isa = PBXFileReference; lastKnownFileType = sourcecode.swift; path = Coordinator.swift; sourceTree = "<group>"; };
		289451CC259FD17000FF77DD /* Injectable.swift */ = {isa = PBXFileReference; lastKnownFileType = sourcecode.swift; path = Injectable.swift; sourceTree = "<group>"; };
		289451CF259FD19D00FF77DD /* ReusableIdentifier.swift */ = {isa = PBXFileReference; lastKnownFileType = sourcecode.swift; path = ReusableIdentifier.swift; sourceTree = "<group>"; };
		289451D2259FD1F700FF77DD /* String.swift */ = {isa = PBXFileReference; lastKnownFileType = sourcecode.swift; path = String.swift; sourceTree = "<group>"; };
		289451D5259FD21600FF77DD /* UIView.swift */ = {isa = PBXFileReference; lastKnownFileType = sourcecode.swift; path = UIView.swift; sourceTree = "<group>"; };
		289451D8259FD24E00FF77DD /* Constants.swift */ = {isa = PBXFileReference; lastKnownFileType = sourcecode.swift; path = Constants.swift; sourceTree = "<group>"; };
		289451DB259FD29700FF77DD /* API+NetworkRepository.swift */ = {isa = PBXFileReference; lastKnownFileType = sourcecode.swift; path = "API+NetworkRepository.swift"; sourceTree = "<group>"; };
		289451DE259FD29F00FF77DD /* APIError.swift */ = {isa = PBXFileReference; lastKnownFileType = sourcecode.swift; path = APIError.swift; sourceTree = "<group>"; };
		289451E2259FD56F00FF77DD /* OnboardingViewController.swift */ = {isa = PBXFileReference; lastKnownFileType = sourcecode.swift; path = OnboardingViewController.swift; sourceTree = "<group>"; };
		289451E3259FD56F00FF77DD /* OnboardingViewController.xib */ = {isa = PBXFileReference; lastKnownFileType = file.xib; path = OnboardingViewController.xib; sourceTree = "<group>"; };
		289451E8259FD59200FF77DD /* BaseViewController.swift */ = {isa = PBXFileReference; lastKnownFileType = sourcecode.swift; path = BaseViewController.swift; sourceTree = "<group>"; };
		289451EB259FD67000FF77DD /* BaseStateController.swift */ = {isa = PBXFileReference; lastKnownFileType = sourcecode.swift; path = BaseStateController.swift; sourceTree = "<group>"; };
		28A8694025A7695300987624 /* AuthenticationCoordinator.swift */ = {isa = PBXFileReference; lastKnownFileType = sourcecode.swift; path = AuthenticationCoordinator.swift; sourceTree = "<group>"; };
		28A8694825A76A7900987624 /* LoginViewController.swift */ = {isa = PBXFileReference; lastKnownFileType = sourcecode.swift; path = LoginViewController.swift; sourceTree = "<group>"; };
		28A8694925A76A7900987624 /* LoginViewController.xib */ = {isa = PBXFileReference; lastKnownFileType = file.xib; path = LoginViewController.xib; sourceTree = "<group>"; };
		28A8694D25A79E8800987624 /* LoginViewModel.swift */ = {isa = PBXFileReference; lastKnownFileType = sourcecode.swift; path = LoginViewModel.swift; sourceTree = "<group>"; };
		28A8695125A79F3C00987624 /* AuthenticationRepository.swift */ = {isa = PBXFileReference; lastKnownFileType = sourcecode.swift; path = AuthenticationRepository.swift; sourceTree = "<group>"; };
		28A8695F25A7A4C100987624 /* HTTPMethod.swift */ = {isa = PBXFileReference; lastKnownFileType = sourcecode.swift; path = HTTPMethod.swift; sourceTree = "<group>"; };
		28A8696225A7AAFB00987624 /* URLComponents.swift */ = {isa = PBXFileReference; lastKnownFileType = sourcecode.swift; path = URLComponents.swift; sourceTree = "<group>"; };
		28A8697725A7B8F000987624 /* OTextFieldStackView.swift */ = {isa = PBXFileReference; lastKnownFileType = sourcecode.swift; path = OTextFieldStackView.swift; sourceTree = "<group>"; };
		28A8697C25A7BE6700987624 /* OTextField.swift */ = {isa = PBXFileReference; lastKnownFileType = sourcecode.swift; path = OTextField.swift; sourceTree = "<group>"; };
		28A8697F25A7BF0400987624 /* OTextFieldType.swift */ = {isa = PBXFileReference; lastKnownFileType = sourcecode.swift; path = OTextFieldType.swift; sourceTree = "<group>"; };
		28A8698225A7C89B00987624 /* UITextField.swift */ = {isa = PBXFileReference; lastKnownFileType = sourcecode.swift; path = UITextField.swift; sourceTree = "<group>"; };
		28ABF01625BD7A9200F29ED0 /* ResetPasswordResponse.swift */ = {isa = PBXFileReference; lastKnownFileType = sourcecode.swift; path = ResetPasswordResponse.swift; sourceTree = "<group>"; };
		28ABF0A325BF305300F29ED0 /* SearchResultViewController.swift */ = {isa = PBXFileReference; lastKnownFileType = sourcecode.swift; path = SearchResultViewController.swift; sourceTree = "<group>"; };
		28ABF0A425BF305300F29ED0 /* SearchResultViewController.xib */ = {isa = PBXFileReference; lastKnownFileType = file.xib; path = SearchResultViewController.xib; sourceTree = "<group>"; };
		28ABF0A925BF306100F29ED0 /* SearchResultViewModel.swift */ = {isa = PBXFileReference; lastKnownFileType = sourcecode.swift; path = SearchResultViewModel.swift; sourceTree = "<group>"; };
		28ABF0AD25C017ED00F29ED0 /* SearchResultResponse.swift */ = {isa = PBXFileReference; lastKnownFileType = sourcecode.swift; path = SearchResultResponse.swift; sourceTree = "<group>"; };
		28ABF0B225C01B0800F29ED0 /* SearchResult.swift */ = {isa = PBXFileReference; lastKnownFileType = sourcecode.swift; path = SearchResult.swift; sourceTree = "<group>"; };
		28ABF0B525C01B2000F29ED0 /* PriceRange.swift */ = {isa = PBXFileReference; lastKnownFileType = sourcecode.swift; path = PriceRange.swift; sourceTree = "<group>"; };
		28ABF0B825C01B3C00F29ED0 /* ProductOrigin.swift */ = {isa = PBXFileReference; lastKnownFileType = sourcecode.swift; path = ProductOrigin.swift; sourceTree = "<group>"; };
		28ABF0BB25C01B5400F29ED0 /* ProductManufaturer.swift */ = {isa = PBXFileReference; lastKnownFileType = sourcecode.swift; path = ProductManufaturer.swift; sourceTree = "<group>"; };
		28ABF0BF25C0216A00F29ED0 /* SearchResultTableViewCell.swift */ = {isa = PBXFileReference; lastKnownFileType = sourcecode.swift; path = SearchResultTableViewCell.swift; sourceTree = "<group>"; };
		28ABF0C025C0216A00F29ED0 /* SearchResultTableViewCell.xib */ = {isa = PBXFileReference; lastKnownFileType = file.xib; path = SearchResultTableViewCell.xib; sourceTree = "<group>"; };
		28ABF2BD25C096E500F29ED0 /* FavouriteProductsManager.swift */ = {isa = PBXFileReference; lastKnownFileType = sourcecode.swift; path = FavouriteProductsManager.swift; sourceTree = "<group>"; };
		28ABF2C125C0A90800F29ED0 /* FavouriteButton.swift */ = {isa = PBXFileReference; lastKnownFileType = sourcecode.swift; path = FavouriteButton.swift; sourceTree = "<group>"; };
		28ABF2D125C0D11000F29ED0 /* ResultEmptyView.swift */ = {isa = PBXFileReference; lastKnownFileType = sourcecode.swift; path = ResultEmptyView.swift; sourceTree = "<group>"; };
		28ABF2D425C0D12A00F29ED0 /* ResultEmptyView.xib */ = {isa = PBXFileReference; lastKnownFileType = file.xib; path = ResultEmptyView.xib; sourceTree = "<group>"; };
		28D9732F25B0E63700CE97A0 /* HomeResponse.swift */ = {isa = PBXFileReference; lastKnownFileType = sourcecode.swift; path = HomeResponse.swift; sourceTree = "<group>"; };
		28D9733325B0EC5100CE97A0 /* Product.swift */ = {isa = PBXFileReference; lastKnownFileType = sourcecode.swift; path = Product.swift; sourceTree = "<group>"; };
		28D9733625B0EC6300CE97A0 /* Feedback.swift */ = {isa = PBXFileReference; lastKnownFileType = sourcecode.swift; path = Feedback.swift; sourceTree = "<group>"; };
		28D9733925B0EC7300CE97A0 /* Category.swift */ = {isa = PBXFileReference; lastKnownFileType = sourcecode.swift; path = Category.swift; sourceTree = "<group>"; };
		28D9733D25B0EEC700CE97A0 /* NavigationItem.swift */ = {isa = PBXFileReference; lastKnownFileType = sourcecode.swift; path = NavigationItem.swift; sourceTree = "<group>"; };
		28D9734025B0EFB900CE97A0 /* UIImageView.swift */ = {isa = PBXFileReference; lastKnownFileType = sourcecode.swift; path = UIImageView.swift; sourceTree = "<group>"; };
		28DCFE1325AFA04A00F8D854 /* TabBarCoordinator.swift */ = {isa = PBXFileReference; lastKnownFileType = sourcecode.swift; path = TabBarCoordinator.swift; sourceTree = "<group>"; };
		28DCFE1925AFB54900F8D854 /* HomeViewController.swift */ = {isa = PBXFileReference; lastKnownFileType = sourcecode.swift; path = HomeViewController.swift; sourceTree = "<group>"; };
		28DCFE1A25AFB54900F8D854 /* HomeViewController.xib */ = {isa = PBXFileReference; lastKnownFileType = file.xib; path = HomeViewController.xib; sourceTree = "<group>"; };
		28DCFE1E25AFB70B00F8D854 /* HomeViewModel.swift */ = {isa = PBXFileReference; lastKnownFileType = sourcecode.swift; path = HomeViewModel.swift; sourceTree = "<group>"; };
		28DCFE2125AFB86200F8D854 /* HomeRepository.swift */ = {isa = PBXFileReference; lastKnownFileType = sourcecode.swift; path = HomeRepository.swift; sourceTree = "<group>"; };
		28FD653025A3E9DB004C9F0F /* Array.swift */ = {isa = PBXFileReference; lastKnownFileType = sourcecode.swift; path = Array.swift; sourceTree = "<group>"; };
		28FD653625A4C522004C9F0F /* PageControl.swift */ = {isa = PBXFileReference; lastKnownFileType = sourcecode.swift; path = PageControl.swift; sourceTree = "<group>"; };
		3A9292F249E3BC31F464EE25 /* Pods-odiggo.release.xcconfig */ = {isa = PBXFileReference; includeInIndex = 1; lastKnownFileType = text.xcconfig; name = "Pods-odiggo.release.xcconfig"; path = "Target Support Files/Pods-odiggo/Pods-odiggo.release.xcconfig"; sourceTree = "<group>"; };
		5009EA90518A495E603905DA /* Pods_odiggo.framework */ = {isa = PBXFileReference; explicitFileType = wrapper.framework; includeInIndex = 0; path = Pods_odiggo.framework; sourceTree = BUILT_PRODUCTS_DIR; };
		9780943F6E214C75579013C6 /* Pods-odiggo.debug.xcconfig */ = {isa = PBXFileReference; includeInIndex = 1; lastKnownFileType = text.xcconfig; name = "Pods-odiggo.debug.xcconfig"; path = "Target Support Files/Pods-odiggo/Pods-odiggo.debug.xcconfig"; sourceTree = "<group>"; };
/* End PBXFileReference section */

/* Begin PBXFrameworksBuildPhase section */
		2894518C259FC9B100FF77DD /* Frameworks */ = {
			isa = PBXFrameworksBuildPhase;
			buildActionMask = 2147483647;
			files = (
				D738663F8C403373C7658C95 /* Pods_odiggo.framework in Frameworks */,
			);
			runOnlyForDeploymentPostprocessing = 0;
		};
/* End PBXFrameworksBuildPhase section */

/* Begin PBXGroup section */
		280A02B925B8A4AF00318B6F /* Models */ = {
			isa = PBXGroup;
			children = (
				280A02BA25B8A4BD00318B6F /* CategoriesResponse.swift */,
				280A02BD25B8A55F00318B6F /* Pagination.swift */,
			);
			path = Models;
			sourceTree = "<group>";
		};
		280A02C125B8AD9200318B6F /* Views */ = {
			isa = PBXGroup;
			children = (
				280A02C225B8AD9700318B6F /* CategoryCollectionViewCell */,
			);
			path = Views;
			sourceTree = "<group>";
		};
		280A02C225B8AD9700318B6F /* CategoryCollectionViewCell */ = {
			isa = PBXGroup;
			children = (
				280A02C325B8ADBA00318B6F /* CategoryCollectionViewCell.swift */,
				280A02C425B8ADBA00318B6F /* CategoryCollectionViewCell.xib */,
			);
			path = CategoryCollectionViewCell;
			sourceTree = "<group>";
		};
		280A02D325B9BB3300318B6F /* CategoriesScreen */ = {
			isa = PBXGroup;
			children = (
				280A02B925B8A4AF00318B6F /* Models */,
				280A02C125B8AD9200318B6F /* Views */,
				284CBB3425B49B60004B1FF1 /* CategoriesViewController.xib */,
				284CBB3325B49B60004B1FF1 /* CategoriesViewController.swift */,
				284CBB3B25B49BDE004B1FF1 /* CategoriesViewModel.swift */,
			);
			path = CategoriesScreen;
			sourceTree = "<group>";
		};
		280A02D425B9BB6100318B6F /* SubCategories */ = {
			isa = PBXGroup;
			children = (
				280A02DF25B9E94900318B6F /* Views */,
				280A02D825B9E5B200318B6F /* SubCategoriesViewController.xib */,
				280A02D725B9E5B200318B6F /* SubCategoriesViewController.swift */,
				280A02DC25B9E5BE00318B6F /* SubCategoriesViewModel.swift */,
			);
			path = SubCategories;
			sourceTree = "<group>";
		};
		280A02DF25B9E94900318B6F /* Views */ = {
			isa = PBXGroup;
			children = (
				280A02E025B9E97F00318B6F /* SubCategoryTableViewCell.swift */,
				280A02E125B9E97F00318B6F /* SubCategoryTableViewCell.xib */,
			);
			path = Views;
			sourceTree = "<group>";
		};
		2818BDB225BC8E6A00310FEE /* Search */ = {
			isa = PBXGroup;
			children = (
				2818BDBD25BCB8F500310FEE /* Models */,
				2818BDBC25BCB8F000310FEE /* Views */,
				2818BDB425BC8E8C00310FEE /* SearchViewController.xib */,
				2818BDB325BC8E8C00310FEE /* SearchViewController.swift */,
				2818BDCA25BCC34900310FEE /* AlignedCollectionViewFlowLayout.swift */,
				2818BDB825BC8E9700310FEE /* SearchViewModel.swift */,
			);
			path = Search;
			sourceTree = "<group>";
		};
		2818BDBC25BCB8F000310FEE /* Views */ = {
			isa = PBXGroup;
			children = (
				28807C6E25BCF565008A2396 /* SearchHistoryTableViewCell */,
				2818BDC325BCBDE800310FEE /* KeywordCollectionViewCell */,
			);
			path = Views;
			sourceTree = "<group>";
		};
		2818BDBD25BCB8F500310FEE /* Models */ = {
			isa = PBXGroup;
			children = (
				2818BDBF25BCBBFD00310FEE /* SearchAutoCompleteResponse.swift */,
			);
			path = Models;
			sourceTree = "<group>";
		};
		2818BDC325BCBDE800310FEE /* KeywordCollectionViewCell */ = {
			isa = PBXGroup;
			children = (
				2818BDC425BCBE0900310FEE /* KeywordCollectionViewCell.swift */,
				2818BDC525BCBE0900310FEE /* KeywordCollectionViewCell.xib */,
			);
			name = KeywordCollectionViewCell;
			sourceTree = "<group>";
		};
		2818BDE825BCC76A00310FEE /* IntrinsicSizeCollectionView */ = {
			isa = PBXGroup;
			children = (
				2818BDED25BCC78700310FEE /* IntrinsicSizeCollectionView.swift */,
			);
			path = IntrinsicSizeCollectionView;
			sourceTree = "<group>";
		};
		281C450A25A0966300FD8C08 /* Views */ = {
			isa = PBXGroup;
			children = (
				281C450B25A0967600FD8C08 /* WelcomeView */,
				281C450C25A0968100FD8C08 /* OnboardingView */,
				281C450D25A0969B00FD8C08 /* GetStartedView */,
			);
			name = Views;
			sourceTree = "<group>";
		};
		281C450B25A0967600FD8C08 /* WelcomeView */ = {
			isa = PBXGroup;
			children = (
				281C450E25A096E400FD8C08 /* WelcomeView.swift */,
				281C451125A096F300FD8C08 /* WelcomeView.xib */,
			);
			name = WelcomeView;
			sourceTree = "<group>";
		};
		281C450C25A0968100FD8C08 /* OnboardingView */ = {
			isa = PBXGroup;
			children = (
				281C451825A0971700FD8C08 /* OnboardingView.swift */,
				281C451525A0970900FD8C08 /* OnboardingView.xib */,
			);
			name = OnboardingView;
			sourceTree = "<group>";
		};
		281C450D25A0969B00FD8C08 /* GetStartedView */ = {
			isa = PBXGroup;
			children = (
				281C451B25A0972400FD8C08 /* GetStartedView.swift */,
				281C451E25A0972B00FD8C08 /* GetStartedView.xib */,
			);
			name = GetStartedView;
			sourceTree = "<group>";
		};
		281C452125A0A97300FD8C08 /* Models */ = {
			isa = PBXGroup;
			children = (
				281C452725A0A9B600FD8C08 /* OnboardingFlow.swift */,
			);
			name = Models;
			sourceTree = "<group>";
		};
		281C452D25A0B33800FD8C08 /* Fonts */ = {
			isa = PBXGroup;
			children = (
				281C453125A0B37C00FD8C08 /* Montserrat */,
			);
			path = Fonts;
			sourceTree = "<group>";
		};
		281C453125A0B37C00FD8C08 /* Montserrat */ = {
			isa = PBXGroup;
			children = (
				281C453225A0B3B400FD8C08 /* Montserrat-Bold.ttf */,
				281C453B25A0B3B500FD8C08 /* Montserrat-ExtraBold.ttf */,
				281C454125A0B3B600FD8C08 /* Montserrat-ExtraLight.ttf */,
				281C454225A0B3B700FD8C08 /* Montserrat-Light.ttf */,
				281C453A25A0B3B500FD8C08 /* Montserrat-Medium.ttf */,
				281C453625A0B3B500FD8C08 /* Montserrat-Regular.ttf */,
				281C454325A0B3B700FD8C08 /* Montserrat-SemiBold.ttf */,
				281C453525A0B3B500FD8C08 /* Montserrat-Thin.ttf */,
				281C453925A0B3B500FD8C08 /* OFL.txt */,
			);
			path = Montserrat;
			sourceTree = "<group>";
		};
		281C456725A0C22500FD8C08 /* Assets */ = {
			isa = PBXGroup;
			children = (
				2894519B259FC9B200FF77DD /* Assets.xcassets */,
				281C456425A0C0F800FD8C08 /* Colors.xcassets */,
			);
			name = Assets;
			sourceTree = "<group>";
		};
		281C456825A0C23C00FD8C08 /* Definitions */ = {
			isa = PBXGroup;
			children = (
				281C452A25A0AF0C00FD8C08 /* Colors.swift */,
				2874F00325A39AFE00A05111 /* Fonts.swift */,
			);
			name = Definitions;
			sourceTree = "<group>";
		};
		2823735825C1C55300D27044 /* Models */ = {
			isa = PBXGroup;
			children = (
				2823735925C1C56700D27044 /* CategoryProductsResponse.swift */,
				2823735D25C1C85B00D27044 /* CategoryProducts.swift */,
				2823736025C1C88900D27044 /* Selection.swift */,
				2823736325C1C89E00D27044 /* TireData.swift */,
				2823736625C1C8B900D27044 /* DataRecord.swift */,
			);
			path = Models;
			sourceTree = "<group>";
		};
		2823736A25C2D46100D27044 /* ProductDetails */ = {
			isa = PBXGroup;
			children = (
				282373DD25C3034700D27044 /* Views */,
				2823737525C2D9B300D27044 /* Models */,
				2823736C25C2D48D00D27044 /* ProductDetailsViewController.xib */,
				2823736B25C2D48D00D27044 /* ProductDetailsViewController.swift */,
				282373E525C3140C00D27044 /* ProductDetailsViewController+PanGesture.swift */,
				282373E825C314D600D27044 /* ProductDetailsViewController+Snap.swift */,
				2823737125C2D4A900D27044 /* ProductDetailsViewModel.swift */,
			);
			path = ProductDetails;
			sourceTree = "<group>";
		};
		2823737525C2D9B300D27044 /* Models */ = {
			isa = PBXGroup;
			children = (
				2823737625C2D9C400D27044 /* ProductDetailsResponse.swift */,
			);
			path = Models;
			sourceTree = "<group>";
		};
		282373DD25C3034700D27044 /* Views */ = {
			isa = PBXGroup;
			children = (
				282373EC25C40A9800D27044 /* ProductDetailsView */,
				282373DE25C3034D00D27044 /* ProductImageCollectionViewCell */,
			);
			path = Views;
			sourceTree = "<group>";
		};
		282373DE25C3034D00D27044 /* ProductImageCollectionViewCell */ = {
			isa = PBXGroup;
			children = (
				282373DF25C3036E00D27044 /* ProductImageCollectionViewCell.swift */,
				282373E025C3036E00D27044 /* ProductImageCollectionViewCell.xib */,
			);
			name = ProductImageCollectionViewCell;
			sourceTree = "<group>";
		};
		282373EC25C40A9800D27044 /* ProductDetailsView */ = {
			isa = PBXGroup;
			children = (
				282373ED25C40AD300D27044 /* ProductDetailsView.swift */,
				282373F025C40AE300D27044 /* ProductDetailsView.xib */,
			);
			name = ProductDetailsView;
			sourceTree = "<group>";
		};
		28276DA525B36ABA0027737C /* Views */ = {
			isa = PBXGroup;
			children = (
				28276DA625B36ADB0027737C /* HomeCollectionViewCell.swift */,
				28276DA725B36ADB0027737C /* HomeCollectionViewCell.xib */,
			);
			path = Views;
			sourceTree = "<group>";
		};
		28276DB325B3C3B40027737C /* Dummy */ = {
			isa = PBXGroup;
			children = (
				28276DB425B3C3CE0027737C /* DummyViewController.swift */,
				28276DB525B3C3CE0027737C /* DummyViewController.xib */,
				28276DB925B3C40B0027737C /* DummyCoordinator.swift */,
			);
			path = Dummy;
			sourceTree = "<group>";
		};
		285C5D8925B2795A007E13F0 /* Views */ = {
			isa = PBXGroup;
			children = (
				285C5D8A25B2798E007E13F0 /* Tabbar.swift */,
			);
			path = Views;
			sourceTree = "<group>";
		};
		2874F00625A3A8EA00A05111 /* OButton */ = {
			isa = PBXGroup;
			children = (
				2874F00725A3A93800A05111 /* OButton.swift */,
				2874F00B25A3A97D00A05111 /* OButton+ContentAlignment.swift */,
				2874F00E25A3A9A300A05111 /* OButton+Style.swift */,
			);
			path = OButton;
			sourceTree = "<group>";
		};
		28807C6E25BCF565008A2396 /* SearchHistoryTableViewCell */ = {
			isa = PBXGroup;
			children = (
				28807C6F25BCF57E008A2396 /* SearchHistoryTableViewCell.swift */,
				28807C7025BCF57E008A2396 /* SearchHistoryTableViewCell.xib */,
			);
			name = SearchHistoryTableViewCell;
			sourceTree = "<group>";
		};
		28807C7425BCFCD4008A2396 /* IntrinsicSizeTableView */ = {
			isa = PBXGroup;
			children = (
				28807C7525BCFCED008A2396 /* IntrinsicSizeTableView.swift */,
			);
			path = IntrinsicSizeTableView;
			sourceTree = "<group>";
		};
		288E8F1125AA62500009BFC8 /* Models */ = {
			isa = PBXGroup;
			children = (
				288E8F1225AA62770009BFC8 /* AuthenticationResponse.swift */,
				28ABF01625BD7A9200F29ED0 /* ResetPasswordResponse.swift */,
			);
			name = Models;
			path = Signup;
			sourceTree = "<group>";
		};
		288E8F1925AA70DA0009BFC8 /* Home */ = {
			isa = PBXGroup;
			children = (
				28276DA525B36ABA0027737C /* Views */,
				28D9732E25B0E61D00CE97A0 /* Models */,
				288E8F2025AA72080009BFC8 /* HomeCoordinator.swift */,
				28DCFE1A25AFB54900F8D854 /* HomeViewController.xib */,
				28DCFE1925AFB54900F8D854 /* HomeViewController.swift */,
				28276DAB25B3A1EB0027737C /* PinterestLayout.swift */,
				28DCFE1E25AFB70B00F8D854 /* HomeViewModel.swift */,
			);
			path = Home;
			sourceTree = "<group>";
		};
		2893A9CA25A7E49A0038BFA9 /* Managers */ = {
			isa = PBXGroup;
			children = (
				2893A9CB25A7E57F0038BFA9 /* UserManager.swift */,
				28ABF2BD25C096E500F29ED0 /* FavouriteProductsManager.swift */,
			);
			path = Managers;
			sourceTree = "<group>";
		};
		28945186259FC9B100FF77DD = {
			isa = PBXGroup;
			children = (
				28945191259FC9B100FF77DD /* odiggo */,
				28945190259FC9B100FF77DD /* Products */,
				970FA18B7A519C56FDA89763 /* Pods */,
				E73375D45A8ED131A8308C15 /* Frameworks */,
			);
			sourceTree = "<group>";
		};
		28945190259FC9B100FF77DD /* Products */ = {
			isa = PBXGroup;
			children = (
				2894518F259FC9B100FF77DD /* odiggo.app */,
			);
			name = Products;
			sourceTree = "<group>";
		};
		28945191259FC9B100FF77DD /* odiggo */ = {
			isa = PBXGroup;
			children = (
				284CDEAF25ADC31500D45FEB /* odiggo.entitlements */,
				289451B3259FCB8300FF77DD /* Source */,
				289451B1259FCB7100FF77DD /* Resources */,
			);
			path = odiggo;
			sourceTree = "<group>";
		};
		289451B1259FCB7100FF77DD /* Resources */ = {
			isa = PBXGroup;
			children = (
				281C456825A0C23C00FD8C08 /* Definitions */,
				281C456725A0C22500FD8C08 /* Assets */,
				281C452D25A0B33800FD8C08 /* Fonts */,
				2894519D259FC9B200FF77DD /* LaunchScreen.storyboard */,
				289451A0259FC9B200FF77DD /* Info.plist */,
				289451BB259FCC5900FF77DD /* Localizable.strings */,
			);
			path = Resources;
			sourceTree = "<group>";
		};
		289451B3259FCB8300FF77DD /* Source */ = {
			isa = PBXGroup;
			children = (
				289451B4259FCBB600FF77DD /* Application */,
				289451B5259FCBBF00FF77DD /* Base */,
				289451B9259FCBDD00FF77DD /* Common */,
				289451B8259FCBD300FF77DD /* Network */,
				289451B7259FCBCD00FF77DD /* Story */,
			);
			path = Source;
			sourceTree = "<group>";
		};
		289451B4259FCBB600FF77DD /* Application */ = {
			isa = PBXGroup;
			children = (
				28945192259FC9B100FF77DD /* AppDelegate.swift */,
				289451C1259FD0DD00FF77DD /* AppCoordinator.swift */,
				289451D8259FD24E00FF77DD /* Constants.swift */,
			);
			path = Application;
			sourceTree = "<group>";
		};
		289451B5259FCBBF00FF77DD /* Base */ = {
			isa = PBXGroup;
			children = (
				289451E8259FD59200FF77DD /* BaseViewController.swift */,
				289451EB259FD67000FF77DD /* BaseStateController.swift */,
			);
			path = Base;
			sourceTree = "<group>";
		};
		289451B7259FCBCD00FF77DD /* Story */ = {
			isa = PBXGroup;
			children = (
				28276DB325B3C3B40027737C /* Dummy */,
				28DCFE1125AF9FCF00F8D854 /* TabBar */,
				28DCFE1225AFA01D00F8D854 /* Categories */,
				288E8F1925AA70DA0009BFC8 /* Home */,
				28A8693C25A768E800987624 /* Authentication */,
				289451E1259FD48600FF77DD /* Onboarding */,
			);
			path = Story;
			sourceTree = "<group>";
		};
		289451B8259FCBD300FF77DD /* Network */ = {
			isa = PBXGroup;
			children = (
				289451DB259FD29700FF77DD /* API+NetworkRepository.swift */,
				289451DE259FD29F00FF77DD /* APIError.swift */,
				28A8695F25A7A4C100987624 /* HTTPMethod.swift */,
				28A8695025A79F2700987624 /* Repositories */,
			);
			path = Network;
			sourceTree = "<group>";
		};
		289451B9259FCBDD00FF77DD /* Common */ = {
			isa = PBXGroup;
			children = (
				2893A9CA25A7E49A0038BFA9 /* Managers */,
				289451C5259FD0F300FF77DD /* Extensions */,
				289451C6259FD11200FF77DD /* Helpers */,
				289451C7259FD12500FF77DD /* UIComponents */,
			);
			path = Common;
			sourceTree = "<group>";
		};
		289451C5259FD0F300FF77DD /* Extensions */ = {
			isa = PBXGroup;
			children = (
				28D9733D25B0EEC700CE97A0 /* NavigationItem.swift */,
				289451D2259FD1F700FF77DD /* String.swift */,
				289451D5259FD21600FF77DD /* UIView.swift */,
				281C456925A0C2FD00FD8C08 /* UIColor.swift */,
				2874F01D25A3BADC00A05111 /* UIViewController.swift */,
				28FD653025A3E9DB004C9F0F /* Array.swift */,
				28A8696225A7AAFB00987624 /* URLComponents.swift */,
				28A8698225A7C89B00987624 /* UITextField.swift */,
				288E8F0E25AA58310009BFC8 /* UIBarButtonItem.swift */,
				28D9734025B0EFB900CE97A0 /* UIImageView.swift */,
				284A003B25B7B13600B158EE /* UITabbarItem.swift */,
				280A02EA25B9FA7A00318B6F /* UINavigationController.swift */,
			);
			path = Extensions;
			sourceTree = "<group>";
		};
		289451C6259FD11200FF77DD /* Helpers */ = {
			isa = PBXGroup;
			children = (
				289451C8259FD13A00FF77DD /* Coordinator.swift */,
				289451CC259FD17000FF77DD /* Injectable.swift */,
				289451CF259FD19D00FF77DD /* ReusableIdentifier.swift */,
				288E8F1525AA64380009BFC8 /* Keychain.swift */,
			);
			path = Helpers;
			sourceTree = "<group>";
		};
		289451C7259FD12500FF77DD /* UIComponents */ = {
			isa = PBXGroup;
			children = (
				28807C7425BCFCD4008A2396 /* IntrinsicSizeTableView */,
				2818BDE825BCC76A00310FEE /* IntrinsicSizeCollectionView */,
				28A8697A25A7B8F600987624 /* OTextFieldStackView */,
				28FD652825A3D946004C9F0F /* PageControl */,
				2874F00625A3A8EA00A05111 /* OButton */,
				28ABF2C025C0A8E300F29ED0 /* FavouriteButton */,
			);
			path = UIComponents;
			sourceTree = "<group>";
		};
		289451E1259FD48600FF77DD /* Onboarding */ = {
			isa = PBXGroup;
			children = (
				281C452125A0A97300FD8C08 /* Models */,
				281C450A25A0966300FD8C08 /* Views */,
				289451E2259FD56F00FF77DD /* OnboardingViewController.swift */,
				289451E3259FD56F00FF77DD /* OnboardingViewController.xib */,
				281C456F25A0C97200FD8C08 /* OnboardingCoordinator.swift */,
			);
			path = Onboarding;
			sourceTree = "<group>";
		};
		28A8693C25A768E800987624 /* Authentication */ = {
			isa = PBXGroup;
			children = (
				28A8694025A7695300987624 /* AuthenticationCoordinator.swift */,
				288E8F1125AA62500009BFC8 /* Models */,
				28A8693F25A7693800987624 /* ForgetPassword */,
				28A8693E25A7691300987624 /* Signup */,
				28A8693D25A768F400987624 /* Login */,
			);
			path = Authentication;
			sourceTree = "<group>";
		};
		28A8693D25A768F400987624 /* Login */ = {
			isa = PBXGroup;
			children = (
				28A8694925A76A7900987624 /* LoginViewController.xib */,
				28A8694825A76A7900987624 /* LoginViewController.swift */,
				28A8694D25A79E8800987624 /* LoginViewModel.swift */,
			);
			path = Login;
			sourceTree = "<group>";
		};
		28A8693E25A7691300987624 /* Signup */ = {
			isa = PBXGroup;
			children = (
				2866737125A8B4D600A3227A /* SignupViewController.xib */,
				2866737025A8B4D600A3227A /* SignupViewController.swift */,
				2866737525A8B4E400A3227A /* SignupViewModel.swift */,
			);
			path = Signup;
			sourceTree = "<group>";
		};
		28A8693F25A7693800987624 /* ForgetPassword */ = {
			isa = PBXGroup;
			children = (
				288E8F2525AB26DD0009BFC8 /* ForgetPasswordViewController.xib */,
				288E8F2425AB26DD0009BFC8 /* ForgetPasswordViewController.swift */,
				288E8F2925AB2CC30009BFC8 /* ForgetPasswordViewModel.swift */,
			);
			path = ForgetPassword;
			sourceTree = "<group>";
		};
		28A8695025A79F2700987624 /* Repositories */ = {
			isa = PBXGroup;
			children = (
				28A8695125A79F3C00987624 /* AuthenticationRepository.swift */,
				28DCFE2125AFB86200F8D854 /* HomeRepository.swift */,
				280A02B625B8A26100318B6F /* CategoriesRepository.swift */,
			);
			name = Repositories;
			sourceTree = "<group>";
		};
		28A8697A25A7B8F600987624 /* OTextFieldStackView */ = {
			isa = PBXGroup;
			children = (
				28A8697725A7B8F000987624 /* OTextFieldStackView.swift */,
				28A8697C25A7BE6700987624 /* OTextField.swift */,
				28A8697F25A7BF0400987624 /* OTextFieldType.swift */,
			);
			path = OTextFieldStackView;
			sourceTree = "<group>";
		};
		28ABF0A125BF2BD300F29ED0 /* SearchResult */ = {
			isa = PBXGroup;
			children = (
				28ABF0BE25C020D100F29ED0 /* Views */,
				28ABF0AC25C017E000F29ED0 /* Models */,
				28ABF0A425BF305300F29ED0 /* SearchResultViewController.xib */,
				28ABF0A325BF305300F29ED0 /* SearchResultViewController.swift */,
				28ABF0A925BF306100F29ED0 /* SearchResultViewModel.swift */,
			);
			path = SearchResult;
			sourceTree = "<group>";
		};
		28ABF0A225BF300900F29ED0 /* CategoryResult */ = {
			isa = PBXGroup;
			children = (
				2823735825C1C55300D27044 /* Models */,
				2823735025C187FE00D27044 /* CategoryResultViewController.xib */,
				2823734F25C187FE00D27044 /* CategoryResultViewController.swift */,
				2823735425C1880A00D27044 /* CategoryResultViewModel.swift */,
			);
			path = CategoryResult;
			sourceTree = "<group>";
		};
		28ABF0AC25C017E000F29ED0 /* Models */ = {
			isa = PBXGroup;
			children = (
				28ABF0AD25C017ED00F29ED0 /* SearchResultResponse.swift */,
				28ABF0B225C01B0800F29ED0 /* SearchResult.swift */,
				28ABF0B525C01B2000F29ED0 /* PriceRange.swift */,
				28ABF0B825C01B3C00F29ED0 /* ProductOrigin.swift */,
				28ABF0BB25C01B5400F29ED0 /* ProductManufaturer.swift */,
			);
			path = Models;
			sourceTree = "<group>";
		};
		28ABF0BE25C020D100F29ED0 /* Views */ = {
			isa = PBXGroup;
			children = (
				28ABF2D025C0D0DC00F29ED0 /* ResultEmptyView */,
				28ABF0C525C0217D00F29ED0 /* SearchResultTableViewCell */,
			);
			path = Views;
			sourceTree = "<group>";
		};
		28ABF0C525C0217D00F29ED0 /* SearchResultTableViewCell */ = {
			isa = PBXGroup;
			children = (
				28ABF0BF25C0216A00F29ED0 /* SearchResultTableViewCell.swift */,
				28ABF0C025C0216A00F29ED0 /* SearchResultTableViewCell.xib */,
			);
			name = SearchResultTableViewCell;
			sourceTree = "<group>";
		};
		28ABF2C025C0A8E300F29ED0 /* FavouriteButton */ = {
			isa = PBXGroup;
			children = (
				28ABF2C125C0A90800F29ED0 /* FavouriteButton.swift */,
			);
			path = FavouriteButton;
			sourceTree = "<group>";
		};
		28ABF2D025C0D0DC00F29ED0 /* ResultEmptyView */ = {
			isa = PBXGroup;
			children = (
				28ABF2D125C0D11000F29ED0 /* ResultEmptyView.swift */,
				28ABF2D425C0D12A00F29ED0 /* ResultEmptyView.xib */,
			);
			name = ResultEmptyView;
			sourceTree = "<group>";
		};
		28D9732E25B0E61D00CE97A0 /* Models */ = {
			isa = PBXGroup;
			children = (
				28D9732F25B0E63700CE97A0 /* HomeResponse.swift */,
				28D9733325B0EC5100CE97A0 /* Product.swift */,
				28D9733625B0EC6300CE97A0 /* Feedback.swift */,
				28D9733925B0EC7300CE97A0 /* Category.swift */,
				28276DB025B3AA640027737C /* HomeColorsCollection.swift */,
			);
			path = Models;
			sourceTree = "<group>";
		};
		28DCFE1125AF9FCF00F8D854 /* TabBar */ = {
			isa = PBXGroup;
			children = (
				285C5D8925B2795A007E13F0 /* Views */,
				28DCFE1325AFA04A00F8D854 /* TabBarCoordinator.swift */,
				285C5D8D25B27D3F007E13F0 /* TabbarViewController.swift */,
				281455D125B31FAB0041DD6E /* TabbarViewController.storyboard */,
			);
			path = TabBar;
			sourceTree = "<group>";
		};
		28DCFE1225AFA01D00F8D854 /* Categories */ = {
			isa = PBXGroup;
			children = (
				284CBB3825B49B6C004B1FF1 /* CategoriesCoordinator.swift */,
				280A02D325B9BB3300318B6F /* CategoriesScreen */,
				280A02D425B9BB6100318B6F /* SubCategories */,
				28ABF0A225BF300900F29ED0 /* CategoryResult */,
				2818BDB225BC8E6A00310FEE /* Search */,
				28ABF0A125BF2BD300F29ED0 /* SearchResult */,
				2823736A25C2D46100D27044 /* ProductDetails */,
			);
			path = Categories;
			sourceTree = "<group>";
		};
		28FD652825A3D946004C9F0F /* PageControl */ = {
			isa = PBXGroup;
			children = (
				28FD653625A4C522004C9F0F /* PageControl.swift */,
			);
			path = PageControl;
			sourceTree = "<group>";
		};
		970FA18B7A519C56FDA89763 /* Pods */ = {
			isa = PBXGroup;
			children = (
				9780943F6E214C75579013C6 /* Pods-odiggo.debug.xcconfig */,
				3A9292F249E3BC31F464EE25 /* Pods-odiggo.release.xcconfig */,
			);
			path = Pods;
			sourceTree = "<group>";
		};
		E73375D45A8ED131A8308C15 /* Frameworks */ = {
			isa = PBXGroup;
			children = (
				5009EA90518A495E603905DA /* Pods_odiggo.framework */,
			);
			name = Frameworks;
			sourceTree = "<group>";
		};
/* End PBXGroup section */

/* Begin PBXNativeTarget section */
		2894518E259FC9B100FF77DD /* odiggo */ = {
			isa = PBXNativeTarget;
			buildConfigurationList = 289451A3259FC9B200FF77DD /* Build configuration list for PBXNativeTarget "odiggo" */;
			buildPhases = (
				7781CB36B1DC77FD68240A50 /* [CP] Check Pods Manifest.lock */,
				2894518B259FC9B100FF77DD /* Sources */,
				2894518C259FC9B100FF77DD /* Frameworks */,
				2894518D259FC9B100FF77DD /* Resources */,
				FFBED3DE5E81E42A8F852F37 /* [CP] Embed Pods Frameworks */,
			);
			buildRules = (
			);
			dependencies = (
			);
			name = odiggo;
			productName = odiggo;
			productReference = 2894518F259FC9B100FF77DD /* odiggo.app */;
			productType = "com.apple.product-type.application";
		};
/* End PBXNativeTarget section */

/* Begin PBXProject section */
		28945187259FC9B100FF77DD /* Project object */ = {
			isa = PBXProject;
			attributes = {
				LastSwiftUpdateCheck = 1220;
				LastUpgradeCheck = 1220;
				TargetAttributes = {
					2894518E259FC9B100FF77DD = {
						CreatedOnToolsVersion = 12.2;
					};
				};
			};
			buildConfigurationList = 2894518A259FC9B100FF77DD /* Build configuration list for PBXProject "odiggo" */;
			compatibilityVersion = "Xcode 9.3";
			developmentRegion = en;
			hasScannedForEncodings = 0;
			knownRegions = (
				en,
				Base,
			);
			mainGroup = 28945186259FC9B100FF77DD;
			productRefGroup = 28945190259FC9B100FF77DD /* Products */;
			projectDirPath = "";
			projectRoot = "";
			targets = (
				2894518E259FC9B100FF77DD /* odiggo */,
			);
		};
/* End PBXProject section */

/* Begin PBXResourcesBuildPhase section */
		2894518D259FC9B100FF77DD /* Resources */ = {
			isa = PBXResourcesBuildPhase;
			buildActionMask = 2147483647;
			files = (
				2894519F259FC9B200FF77DD /* LaunchScreen.storyboard in Resources */,
				281C455625A0B3B700FD8C08 /* Montserrat-SemiBold.ttf in Resources */,
				281C454D25A0B3B700FD8C08 /* Montserrat-Medium.ttf in Resources */,
				28ABF0A625BF305300F29ED0 /* SearchResultViewController.xib in Resources */,
				282373E225C3036E00D27044 /* ProductImageCollectionViewCell.xib in Resources */,
				281C451225A096F300FD8C08 /* WelcomeView.xib in Resources */,
				289451BC259FCC5900FF77DD /* Localizable.strings in Resources */,
				281C454E25A0B3B700FD8C08 /* Montserrat-ExtraBold.ttf in Resources */,
				280A02C625B8ADBA00318B6F /* CategoryCollectionViewCell.xib in Resources */,
				2866737325A8B4D600A3227A /* SignupViewController.xib in Resources */,
				288E8F2725AB26DD0009BFC8 /* ForgetPasswordViewController.xib in Resources */,
				2823736E25C2D48D00D27044 /* ProductDetailsViewController.xib in Resources */,
				281C454C25A0B3B700FD8C08 /* OFL.txt in Resources */,
				2894519C259FC9B200FF77DD /* Assets.xcassets in Resources */,
				28A8694B25A76A7900987624 /* LoginViewController.xib in Resources */,
				281C454925A0B3B700FD8C08 /* Montserrat-Regular.ttf in Resources */,
				28807C7225BCF57E008A2396 /* SearchHistoryTableViewCell.xib in Resources */,
				28276DA925B36ADB0027737C /* HomeCollectionViewCell.xib in Resources */,
				2818BDC725BCBE0900310FEE /* KeywordCollectionViewCell.xib in Resources */,
				280A02DA25B9E5B200318B6F /* SubCategoriesViewController.xib in Resources */,
				281C455425A0B3B700FD8C08 /* Montserrat-ExtraLight.ttf in Resources */,
				28DCFE1C25AFB54900F8D854 /* HomeViewController.xib in Resources */,
				2818BDB625BC8E8C00310FEE /* SearchViewController.xib in Resources */,
				281C454525A0B3B700FD8C08 /* Montserrat-Bold.ttf in Resources */,
				281C455525A0B3B700FD8C08 /* Montserrat-Light.ttf in Resources */,
				284CBB3625B49B60004B1FF1 /* CategoriesViewController.xib in Resources */,
				280A02E325B9E97F00318B6F /* SubCategoryTableViewCell.xib in Resources */,
				289451E5259FD56F00FF77DD /* OnboardingViewController.xib in Resources */,
				281C451F25A0972B00FD8C08 /* GetStartedView.xib in Resources */,
				28ABF2D525C0D12A00F29ED0 /* ResultEmptyView.xib in Resources */,
				28ABF0C225C0216A00F29ED0 /* SearchResultTableViewCell.xib in Resources */,
				28276DB725B3C3CE0027737C /* DummyViewController.xib in Resources */,
				281C454825A0B3B700FD8C08 /* Montserrat-Thin.ttf in Resources */,
				281455D225B31FAB0041DD6E /* TabbarViewController.storyboard in Resources */,
				281C456525A0C0F800FD8C08 /* Colors.xcassets in Resources */,
				282373F125C40AE300D27044 /* ProductDetailsView.xib in Resources */,
				2823735225C187FE00D27044 /* CategoryResultViewController.xib in Resources */,
				281C451625A0970900FD8C08 /* OnboardingView.xib in Resources */,
			);
			runOnlyForDeploymentPostprocessing = 0;
		};
/* End PBXResourcesBuildPhase section */

/* Begin PBXShellScriptBuildPhase section */
		7781CB36B1DC77FD68240A50 /* [CP] Check Pods Manifest.lock */ = {
			isa = PBXShellScriptBuildPhase;
			buildActionMask = 2147483647;
			files = (
			);
			inputFileListPaths = (
			);
			inputPaths = (
				"${PODS_PODFILE_DIR_PATH}/Podfile.lock",
				"${PODS_ROOT}/Manifest.lock",
			);
			name = "[CP] Check Pods Manifest.lock";
			outputFileListPaths = (
			);
			outputPaths = (
				"$(DERIVED_FILE_DIR)/Pods-odiggo-checkManifestLockResult.txt",
			);
			runOnlyForDeploymentPostprocessing = 0;
			shellPath = /bin/sh;
			shellScript = "diff \"${PODS_PODFILE_DIR_PATH}/Podfile.lock\" \"${PODS_ROOT}/Manifest.lock\" > /dev/null\nif [ $? != 0 ] ; then\n    # print error to STDERR\n    echo \"error: The sandbox is not in sync with the Podfile.lock. Run 'pod install' or update your CocoaPods installation.\" >&2\n    exit 1\nfi\n# This output is used by Xcode 'outputs' to avoid re-running this script phase.\necho \"SUCCESS\" > \"${SCRIPT_OUTPUT_FILE_0}\"\n";
			showEnvVarsInLog = 0;
		};
		FFBED3DE5E81E42A8F852F37 /* [CP] Embed Pods Frameworks */ = {
			isa = PBXShellScriptBuildPhase;
			buildActionMask = 2147483647;
			files = (
			);
			inputFileListPaths = (
				"${PODS_ROOT}/Target Support Files/Pods-odiggo/Pods-odiggo-frameworks-${CONFIGURATION}-input-files.xcfilelist",
			);
			name = "[CP] Embed Pods Frameworks";
			outputFileListPaths = (
				"${PODS_ROOT}/Target Support Files/Pods-odiggo/Pods-odiggo-frameworks-${CONFIGURATION}-output-files.xcfilelist",
			);
			runOnlyForDeploymentPostprocessing = 0;
			shellPath = /bin/sh;
			shellScript = "\"${PODS_ROOT}/Target Support Files/Pods-odiggo/Pods-odiggo-frameworks.sh\"\n";
			showEnvVarsInLog = 0;
		};
/* End PBXShellScriptBuildPhase section */

/* Begin PBXSourcesBuildPhase section */
		2894518B259FC9B100FF77DD /* Sources */ = {
			isa = PBXSourcesBuildPhase;
			buildActionMask = 2147483647;
			files = (
				28276DAC25B3A1EB0027737C /* PinterestLayout.swift in Sources */,
				28A8696325A7AAFB00987624 /* URLComponents.swift in Sources */,
				289451D3259FD1F700FF77DD /* String.swift in Sources */,
				2893A9CC25A7E57F0038BFA9 /* UserManager.swift in Sources */,
				281C452B25A0AF0C00FD8C08 /* Colors.swift in Sources */,
				289451DF259FD29F00FF77DD /* APIError.swift in Sources */,
				2823737725C2D9C400D27044 /* ProductDetailsResponse.swift in Sources */,
				289451CD259FD17000FF77DD /* Injectable.swift in Sources */,
				28DCFE1B25AFB54900F8D854 /* HomeViewController.swift in Sources */,
				2874F01E25A3BADC00A05111 /* UIViewController.swift in Sources */,
				28276DBA25B3C40B0027737C /* DummyCoordinator.swift in Sources */,
				284CBB3C25B49BDE004B1FF1 /* CategoriesViewModel.swift in Sources */,
				282373EE25C40AD300D27044 /* ProductDetailsView.swift in Sources */,
				2818BDEE25BCC78700310FEE /* IntrinsicSizeCollectionView.swift in Sources */,
				284CBB3925B49B6C004B1FF1 /* CategoriesCoordinator.swift in Sources */,
				2818BDC025BCBBFD00310FEE /* SearchAutoCompleteResponse.swift in Sources */,
				28A8694A25A76A7900987624 /* LoginViewController.swift in Sources */,
				28D9733E25B0EEC700CE97A0 /* NavigationItem.swift in Sources */,
				28276DA825B36ADB0027737C /* HomeCollectionViewCell.swift in Sources */,
				281C451925A0971700FD8C08 /* OnboardingView.swift in Sources */,
				2866737225A8B4D600A3227A /* SignupViewController.swift in Sources */,
				28ABF0AA25BF306100F29ED0 /* SearchResultViewModel.swift in Sources */,
				280A02D925B9E5B200318B6F /* SubCategoriesViewController.swift in Sources */,
				28276DB125B3AA640027737C /* HomeColorsCollection.swift in Sources */,
				2874F00F25A3A9A300A05111 /* OButton+Style.swift in Sources */,
				280A02C525B8ADBA00318B6F /* CategoryCollectionViewCell.swift in Sources */,
				288E8F0F25AA58310009BFC8 /* UIBarButtonItem.swift in Sources */,
				2818BDB925BC8E9700310FEE /* SearchViewModel.swift in Sources */,
				28A8694E25A79E8800987624 /* LoginViewModel.swift in Sources */,
				289451C2259FD0DD00FF77DD /* AppCoordinator.swift in Sources */,
				28D9734125B0EFB900CE97A0 /* UIImageView.swift in Sources */,
				2823735125C187FE00D27044 /* CategoryResultViewController.swift in Sources */,
				28FD653125A3E9DB004C9F0F /* Array.swift in Sources */,
				289451D6259FD21600FF77DD /* UIView.swift in Sources */,
				28A8698025A7BF0400987624 /* OTextFieldType.swift in Sources */,
				28807C7625BCFCED008A2396 /* IntrinsicSizeTableView.swift in Sources */,
				28A8696025A7A4C100987624 /* HTTPMethod.swift in Sources */,
				2874F00825A3A93800A05111 /* OButton.swift in Sources */,
				28ABF0B925C01B3C00F29ED0 /* ProductOrigin.swift in Sources */,
				282373E125C3036E00D27044 /* ProductImageCollectionViewCell.swift in Sources */,
				28A8697825A7B8F000987624 /* OTextFieldStackView.swift in Sources */,
				28ABF2D225C0D11000F29ED0 /* ResultEmptyView.swift in Sources */,
				28ABF0B625C01B2000F29ED0 /* PriceRange.swift in Sources */,
				28ABF0AE25C017ED00F29ED0 /* SearchResultResponse.swift in Sources */,
				2823736D25C2D48D00D27044 /* ProductDetailsViewController.swift in Sources */,
				2818BDCB25BCC34900310FEE /* AlignedCollectionViewFlowLayout.swift in Sources */,
				2823737225C2D4A900D27044 /* ProductDetailsViewModel.swift in Sources */,
				2874F00425A39AFE00A05111 /* Fonts.swift in Sources */,
				289451E9259FD59200FF77DD /* BaseViewController.swift in Sources */,
				28D9733A25B0EC7300CE97A0 /* Category.swift in Sources */,
				28A8697D25A7BE6700987624 /* OTextField.swift in Sources */,
				281C456A25A0C2FD00FD8C08 /* UIColor.swift in Sources */,
				2823735E25C1C85B00D27044 /* CategoryProducts.swift in Sources */,
				28D9733425B0EC5100CE97A0 /* Product.swift in Sources */,
				2818BDC625BCBE0900310FEE /* KeywordCollectionViewCell.swift in Sources */,
				288E8F1325AA62770009BFC8 /* AuthenticationResponse.swift in Sources */,
				2823735A25C1C56700D27044 /* CategoryProductsResponse.swift in Sources */,
				280A02DD25B9E5BE00318B6F /* SubCategoriesViewModel.swift in Sources */,
				285C5D8B25B2798E007E13F0 /* Tabbar.swift in Sources */,
				281C457025A0C97200FD8C08 /* OnboardingCoordinator.swift in Sources */,
				28ABF0A525BF305300F29ED0 /* SearchResultViewController.swift in Sources */,
				28ABF2BE25C096E600F29ED0 /* FavouriteProductsManager.swift in Sources */,
				28A8695225A79F3C00987624 /* AuthenticationRepository.swift in Sources */,
				2818BDB525BC8E8C00310FEE /* SearchViewController.swift in Sources */,
				281C451C25A0972400FD8C08 /* GetStartedView.swift in Sources */,
				2823736425C1C89E00D27044 /* TireData.swift in Sources */,
				285C5D8F25B27D3F007E13F0 /* TabbarViewController.swift in Sources */,
				28ABF2C225C0A90800F29ED0 /* FavouriteButton.swift in Sources */,
				28ABF01725BD7A9200F29ED0 /* ResetPasswordResponse.swift in Sources */,
				288E8F2125AA72080009BFC8 /* HomeCoordinator.swift in Sources */,
				282373E925C314D600D27044 /* ProductDetailsViewController+Snap.swift in Sources */,
				28ABF0C125C0216A00F29ED0 /* SearchResultTableViewCell.swift in Sources */,
				28276DB625B3C3CE0027737C /* DummyViewController.swift in Sources */,
				280A02B725B8A26100318B6F /* CategoriesRepository.swift in Sources */,
				2866737625A8B4E400A3227A /* SignupViewModel.swift in Sources */,
				28807C7125BCF57E008A2396 /* SearchHistoryTableViewCell.swift in Sources */,
				28945193259FC9B100FF77DD /* AppDelegate.swift in Sources */,
				28FD653725A4C522004C9F0F /* PageControl.swift in Sources */,
				2823736725C1C8B900D27044 /* DataRecord.swift in Sources */,
				28A8698325A7C89B00987624 /* UITextField.swift in Sources */,
				280A02EB25B9FA7A00318B6F /* UINavigationController.swift in Sources */,
				28D9733025B0E63800CE97A0 /* HomeResponse.swift in Sources */,
				28DCFE1425AFA04A00F8D854 /* TabBarCoordinator.swift in Sources */,
				28ABF0BC25C01B5400F29ED0 /* ProductManufaturer.swift in Sources */,
				2823736125C1C88900D27044 /* Selection.swift in Sources */,
				28ABF0B325C01B0800F29ED0 /* SearchResult.swift in Sources */,
				281C452825A0A9B600FD8C08 /* OnboardingFlow.swift in Sources */,
				2874F00C25A3A97D00A05111 /* OButton+ContentAlignment.swift in Sources */,
				284A003C25B7B13600B158EE /* UITabbarItem.swift in Sources */,
				289451DC259FD29700FF77DD /* API+NetworkRepository.swift in Sources */,
				2823735525C1880A00D27044 /* CategoryResultViewModel.swift in Sources */,
				289451C9259FD13A00FF77DD /* Coordinator.swift in Sources */,
				280A02BE25B8A55F00318B6F /* Pagination.swift in Sources */,
				28DCFE1F25AFB70B00F8D854 /* HomeViewModel.swift in Sources */,
				28DCFE2225AFB86200F8D854 /* HomeRepository.swift in Sources */,
				288E8F2625AB26DD0009BFC8 /* ForgetPasswordViewController.swift in Sources */,
				28D9733725B0EC6300CE97A0 /* Feedback.swift in Sources */,
				28A8694125A7695300987624 /* AuthenticationCoordinator.swift in Sources */,
				288E8F2A25AB2CC30009BFC8 /* ForgetPasswordViewModel.swift in Sources */,
				289451D0259FD19D00FF77DD /* ReusableIdentifier.swift in Sources */,
				289451EC259FD67000FF77DD /* BaseStateController.swift in Sources */,
				289451E4259FD56F00FF77DD /* OnboardingViewController.swift in Sources */,
				288E8F1625AA64380009BFC8 /* Keychain.swift in Sources */,
				289451D9259FD24E00FF77DD /* Constants.swift in Sources */,
				280A02BB25B8A4BD00318B6F /* CategoriesResponse.swift in Sources */,
				284CBB3525B49B60004B1FF1 /* CategoriesViewController.swift in Sources */,
				282373E625C3140C00D27044 /* ProductDetailsViewController+PanGesture.swift in Sources */,
				280A02E225B9E97F00318B6F /* SubCategoryTableViewCell.swift in Sources */,
				281C450F25A096E400FD8C08 /* WelcomeView.swift in Sources */,
			);
			runOnlyForDeploymentPostprocessing = 0;
		};
/* End PBXSourcesBuildPhase section */

/* Begin PBXVariantGroup section */
		2894519D259FC9B200FF77DD /* LaunchScreen.storyboard */ = {
			isa = PBXVariantGroup;
			children = (
				2894519E259FC9B200FF77DD /* Base */,
			);
			name = LaunchScreen.storyboard;
			sourceTree = "<group>";
		};
/* End PBXVariantGroup section */

/* Begin XCBuildConfiguration section */
		289451A1259FC9B200FF77DD /* Debug */ = {
			isa = XCBuildConfiguration;
			buildSettings = {
				ALWAYS_SEARCH_USER_PATHS = NO;
				CLANG_ANALYZER_NONNULL = YES;
				CLANG_ANALYZER_NUMBER_OBJECT_CONVERSION = YES_AGGRESSIVE;
				CLANG_CXX_LANGUAGE_STANDARD = "gnu++14";
				CLANG_CXX_LIBRARY = "libc++";
				CLANG_ENABLE_MODULES = YES;
				CLANG_ENABLE_OBJC_ARC = YES;
				CLANG_ENABLE_OBJC_WEAK = YES;
				CLANG_WARN_BLOCK_CAPTURE_AUTORELEASING = YES;
				CLANG_WARN_BOOL_CONVERSION = YES;
				CLANG_WARN_COMMA = YES;
				CLANG_WARN_CONSTANT_CONVERSION = YES;
				CLANG_WARN_DEPRECATED_OBJC_IMPLEMENTATIONS = YES;
				CLANG_WARN_DIRECT_OBJC_ISA_USAGE = YES_ERROR;
				CLANG_WARN_DOCUMENTATION_COMMENTS = YES;
				CLANG_WARN_EMPTY_BODY = YES;
				CLANG_WARN_ENUM_CONVERSION = YES;
				CLANG_WARN_INFINITE_RECURSION = YES;
				CLANG_WARN_INT_CONVERSION = YES;
				CLANG_WARN_NON_LITERAL_NULL_CONVERSION = YES;
				CLANG_WARN_OBJC_IMPLICIT_RETAIN_SELF = YES;
				CLANG_WARN_OBJC_LITERAL_CONVERSION = YES;
				CLANG_WARN_OBJC_ROOT_CLASS = YES_ERROR;
				CLANG_WARN_QUOTED_INCLUDE_IN_FRAMEWORK_HEADER = YES;
				CLANG_WARN_RANGE_LOOP_ANALYSIS = YES;
				CLANG_WARN_STRICT_PROTOTYPES = YES;
				CLANG_WARN_SUSPICIOUS_MOVE = YES;
				CLANG_WARN_UNGUARDED_AVAILABILITY = YES_AGGRESSIVE;
				CLANG_WARN_UNREACHABLE_CODE = YES;
				CLANG_WARN__DUPLICATE_METHOD_MATCH = YES;
				COPY_PHASE_STRIP = NO;
				DEBUG_INFORMATION_FORMAT = dwarf;
				ENABLE_STRICT_OBJC_MSGSEND = YES;
				ENABLE_TESTABILITY = YES;
				GCC_C_LANGUAGE_STANDARD = gnu11;
				GCC_DYNAMIC_NO_PIC = NO;
				GCC_NO_COMMON_BLOCKS = YES;
				GCC_OPTIMIZATION_LEVEL = 0;
				GCC_PREPROCESSOR_DEFINITIONS = (
					"DEBUG=1",
					"$(inherited)",
				);
				GCC_WARN_64_TO_32_BIT_CONVERSION = YES;
				GCC_WARN_ABOUT_RETURN_TYPE = YES_ERROR;
				GCC_WARN_UNDECLARED_SELECTOR = YES;
				GCC_WARN_UNINITIALIZED_AUTOS = YES_AGGRESSIVE;
				GCC_WARN_UNUSED_FUNCTION = YES;
				GCC_WARN_UNUSED_VARIABLE = YES;
				IPHONEOS_DEPLOYMENT_TARGET = 13.0;
				MTL_ENABLE_DEBUG_INFO = INCLUDE_SOURCE;
				MTL_FAST_MATH = YES;
				ONLY_ACTIVE_ARCH = YES;
				SDKROOT = iphoneos;
				SWIFT_ACTIVE_COMPILATION_CONDITIONS = DEBUG;
				SWIFT_OPTIMIZATION_LEVEL = "-Onone";
			};
			name = Debug;
		};
		289451A2259FC9B200FF77DD /* Release */ = {
			isa = XCBuildConfiguration;
			buildSettings = {
				ALWAYS_SEARCH_USER_PATHS = NO;
				CLANG_ANALYZER_NONNULL = YES;
				CLANG_ANALYZER_NUMBER_OBJECT_CONVERSION = YES_AGGRESSIVE;
				CLANG_CXX_LANGUAGE_STANDARD = "gnu++14";
				CLANG_CXX_LIBRARY = "libc++";
				CLANG_ENABLE_MODULES = YES;
				CLANG_ENABLE_OBJC_ARC = YES;
				CLANG_ENABLE_OBJC_WEAK = YES;
				CLANG_WARN_BLOCK_CAPTURE_AUTORELEASING = YES;
				CLANG_WARN_BOOL_CONVERSION = YES;
				CLANG_WARN_COMMA = YES;
				CLANG_WARN_CONSTANT_CONVERSION = YES;
				CLANG_WARN_DEPRECATED_OBJC_IMPLEMENTATIONS = YES;
				CLANG_WARN_DIRECT_OBJC_ISA_USAGE = YES_ERROR;
				CLANG_WARN_DOCUMENTATION_COMMENTS = YES;
				CLANG_WARN_EMPTY_BODY = YES;
				CLANG_WARN_ENUM_CONVERSION = YES;
				CLANG_WARN_INFINITE_RECURSION = YES;
				CLANG_WARN_INT_CONVERSION = YES;
				CLANG_WARN_NON_LITERAL_NULL_CONVERSION = YES;
				CLANG_WARN_OBJC_IMPLICIT_RETAIN_SELF = YES;
				CLANG_WARN_OBJC_LITERAL_CONVERSION = YES;
				CLANG_WARN_OBJC_ROOT_CLASS = YES_ERROR;
				CLANG_WARN_QUOTED_INCLUDE_IN_FRAMEWORK_HEADER = YES;
				CLANG_WARN_RANGE_LOOP_ANALYSIS = YES;
				CLANG_WARN_STRICT_PROTOTYPES = YES;
				CLANG_WARN_SUSPICIOUS_MOVE = YES;
				CLANG_WARN_UNGUARDED_AVAILABILITY = YES_AGGRESSIVE;
				CLANG_WARN_UNREACHABLE_CODE = YES;
				CLANG_WARN__DUPLICATE_METHOD_MATCH = YES;
				COPY_PHASE_STRIP = NO;
				DEBUG_INFORMATION_FORMAT = "dwarf-with-dsym";
				ENABLE_NS_ASSERTIONS = NO;
				ENABLE_STRICT_OBJC_MSGSEND = YES;
				GCC_C_LANGUAGE_STANDARD = gnu11;
				GCC_NO_COMMON_BLOCKS = YES;
				GCC_WARN_64_TO_32_BIT_CONVERSION = YES;
				GCC_WARN_ABOUT_RETURN_TYPE = YES_ERROR;
				GCC_WARN_UNDECLARED_SELECTOR = YES;
				GCC_WARN_UNINITIALIZED_AUTOS = YES_AGGRESSIVE;
				GCC_WARN_UNUSED_FUNCTION = YES;
				GCC_WARN_UNUSED_VARIABLE = YES;
				IPHONEOS_DEPLOYMENT_TARGET = 13.0;
				MTL_ENABLE_DEBUG_INFO = NO;
				MTL_FAST_MATH = YES;
				SDKROOT = iphoneos;
				SWIFT_COMPILATION_MODE = wholemodule;
				SWIFT_OPTIMIZATION_LEVEL = "-O";
				VALIDATE_PRODUCT = YES;
			};
			name = Release;
		};
		289451A4259FC9B200FF77DD /* Debug */ = {
			isa = XCBuildConfiguration;
			baseConfigurationReference = 9780943F6E214C75579013C6 /* Pods-odiggo.debug.xcconfig */;
			buildSettings = {
				ASSETCATALOG_COMPILER_APPICON_NAME = AppIcon;
				ASSETCATALOG_COMPILER_GLOBAL_ACCENT_COLOR_NAME = AccentColor;
				CODE_SIGN_ENTITLEMENTS = odiggo/odiggo.entitlements;
				CODE_SIGN_IDENTITY = "iPhone Developer";
				CODE_SIGN_STYLE = Manual;
				CURRENT_PROJECT_VERSION = 5;
				DEVELOPMENT_TEAM = T65M7C4DTK;
				INFOPLIST_FILE = odiggo/Resources/Info.plist;
				LD_RUNPATH_SEARCH_PATHS = (
					"$(inherited)",
					"@executable_path/Frameworks",
				);
				MARKETING_VERSION = 2.9.1;
				PRODUCT_BUNDLE_IDENTIFIER = "com.netservex.odiggo-public";
				PRODUCT_NAME = "$(TARGET_NAME)";
				PROVISIONING_PROFILE_SPECIFIER = "Odiggo Public Development";
				SWIFT_VERSION = 5.0;
				TARGETED_DEVICE_FAMILY = "1,2";
			};
			name = Debug;
		};
		289451A5259FC9B200FF77DD /* Release */ = {
			isa = XCBuildConfiguration;
			baseConfigurationReference = 3A9292F249E3BC31F464EE25 /* Pods-odiggo.release.xcconfig */;
			buildSettings = {
				ASSETCATALOG_COMPILER_APPICON_NAME = AppIcon;
				ASSETCATALOG_COMPILER_GLOBAL_ACCENT_COLOR_NAME = AccentColor;
				CODE_SIGN_ENTITLEMENTS = odiggo/odiggo.entitlements;
				CODE_SIGN_IDENTITY = "iPhone Distribution";
				CODE_SIGN_STYLE = Manual;
				CURRENT_PROJECT_VERSION = 5;
				DEVELOPMENT_TEAM = T65M7C4DTK;
				INFOPLIST_FILE = odiggo/Resources/Info.plist;
				LD_RUNPATH_SEARCH_PATHS = (
					"$(inherited)",
					"@executable_path/Frameworks",
				);
				MARKETING_VERSION = 2.9.1;
				PRODUCT_BUNDLE_IDENTIFIER = "com.netservex.odiggo-public";
				PRODUCT_NAME = "$(TARGET_NAME)";
				PROVISIONING_PROFILE_SPECIFIER = "Odiggo Public Distribution";
				SWIFT_VERSION = 5.0;
				TARGETED_DEVICE_FAMILY = "1,2";
			};
			name = Release;
		};
/* End XCBuildConfiguration section */

/* Begin XCConfigurationList section */
		2894518A259FC9B100FF77DD /* Build configuration list for PBXProject "odiggo" */ = {
			isa = XCConfigurationList;
			buildConfigurations = (
				289451A1259FC9B200FF77DD /* Debug */,
				289451A2259FC9B200FF77DD /* Release */,
			);
			defaultConfigurationIsVisible = 0;
			defaultConfigurationName = Release;
		};
		289451A3259FC9B200FF77DD /* Build configuration list for PBXNativeTarget "odiggo" */ = {
			isa = XCConfigurationList;
			buildConfigurations = (
				289451A4259FC9B200FF77DD /* Debug */,
				289451A5259FC9B200FF77DD /* Release */,
			);
			defaultConfigurationIsVisible = 0;
			defaultConfigurationName = Release;
		};
/* End XCConfigurationList section */
	};
	rootObject = 28945187259FC9B100FF77DD /* Project object */;
}
